// !$*UTF8*$!
{
	archiveVersion = 1;
	classes = {
	};
	objectVersion = 56;
	objects = {

/* Begin PBXBuildFile section */
		334FA7ED2A06B2F40095E0E9 /* SegmentedControlView.swift in Sources */ = {isa = PBXBuildFile; fileRef = 334FA7EC2A06B2F40095E0E9 /* SegmentedControlView.swift */; };
		334FA7EF2A06BDF80095E0E9 /* AuthField.swift in Sources */ = {isa = PBXBuildFile; fileRef = 334FA7EE2A06BDF80095E0E9 /* AuthField.swift */; };
		334FA7F22A0706B70095E0E9 /* NewsScreen.swift in Sources */ = {isa = PBXBuildFile; fileRef = 334FA7F12A0706B70095E0E9 /* NewsScreen.swift */; };
		334FA7F42A0706BE0095E0E9 /* NewsScreenViewModel.swift in Sources */ = {isa = PBXBuildFile; fileRef = 334FA7F32A0706BE0095E0E9 /* NewsScreenViewModel.swift */; };
		334FA7F72A0706EE0095E0E9 /* EncryptedStorageProtocol.swift in Sources */ = {isa = PBXBuildFile; fileRef = 334FA7F62A0706EE0095E0E9 /* EncryptedStorageProtocol.swift */; };
		334FA7F92A0707230095E0E9 /* EncryptedStorage.swift in Sources */ = {isa = PBXBuildFile; fileRef = 334FA7F82A0707230095E0E9 /* EncryptedStorage.swift */; };
		334FA7FB2A07072F0095E0E9 /* EncryptedStorageStub.swift in Sources */ = {isa = PBXBuildFile; fileRef = 334FA7FA2A07072F0095E0E9 /* EncryptedStorageStub.swift */; };
		334FA7FD2A070C750095E0E9 /* Dependencies+EncryptedStorage.swift in Sources */ = {isa = PBXBuildFile; fileRef = 334FA7FC2A070C750095E0E9 /* Dependencies+EncryptedStorage.swift */; };
		334FA7FF2A070FDB0095E0E9 /* EncryptedStorageKey.swift in Sources */ = {isa = PBXBuildFile; fileRef = 334FA7FE2A070FDB0095E0E9 /* EncryptedStorageKey.swift */; };
		334FA8032A071AC80095E0E9 /* NewsService.swift in Sources */ = {isa = PBXBuildFile; fileRef = 334FA8022A071AC80095E0E9 /* NewsService.swift */; };
		334FA8052A071AD10095E0E9 /* NewsServiceProtocol.swift in Sources */ = {isa = PBXBuildFile; fileRef = 334FA8042A071AD10095E0E9 /* NewsServiceProtocol.swift */; };
		334FA8072A071AD90095E0E9 /* NewsServiceStub.swift in Sources */ = {isa = PBXBuildFile; fileRef = 334FA8062A071AD90095E0E9 /* NewsServiceStub.swift */; };
		334FA8092A071D330095E0E9 /* Notification+notifications.swift in Sources */ = {isa = PBXBuildFile; fileRef = 334FA8082A071D330095E0E9 /* Notification+notifications.swift */; };
		334FA80D2A07D88F0095E0E9 /* KeyPath+Operators.swift in Sources */ = {isa = PBXBuildFile; fileRef = 334FA80C2A07D88F0095E0E9 /* KeyPath+Operators.swift */; };
		334FA80F2A07DCF40095E0E9 /* Dependencies+NewsService.swift in Sources */ = {isa = PBXBuildFile; fileRef = 334FA80E2A07DCF40095E0E9 /* Dependencies+NewsService.swift */; };
		334FA8112A07E16D0095E0E9 /* NewsArticle.swift in Sources */ = {isa = PBXBuildFile; fileRef = 334FA8102A07E16D0095E0E9 /* NewsArticle.swift */; };
		334FA8132A07E8D50095E0E9 /* NewsArticle+mocked.swift in Sources */ = {isa = PBXBuildFile; fileRef = 334FA8122A07E8D50095E0E9 /* NewsArticle+mocked.swift */; };
		334FA8152A07E9190095E0E9 /* Lorem.swift in Sources */ = {isa = PBXBuildFile; fileRef = 334FA8142A07E9190095E0E9 /* Lorem.swift */; };
		334FA81B2A07F0A10095E0E9 /* Colors.xcassets in Resources */ = {isa = PBXBuildFile; fileRef = 334FA81A2A07F0A10095E0E9 /* Colors.xcassets */; };
		334FA81E2A07F1030095E0E9 /* Fonts.swift in Sources */ = {isa = PBXBuildFile; fileRef = 334FA81C2A07F1030095E0E9 /* Fonts.swift */; };
		334FA81F2A07F1030095E0E9 /* Assets.swift in Sources */ = {isa = PBXBuildFile; fileRef = 334FA81D2A07F1030095E0E9 /* Assets.swift */; };
		334FA8212A080DA90095E0E9 /* Picsum.swift in Sources */ = {isa = PBXBuildFile; fileRef = 334FA8202A080DA90095E0E9 /* Picsum.swift */; };
		334FA8232A081B570095E0E9 /* DateDifference.swift in Sources */ = {isa = PBXBuildFile; fileRef = 334FA8222A081B570095E0E9 /* DateDifference.swift */; };
		334FA8252A081E380095E0E9 /* Sequence+sorted.swift in Sources */ = {isa = PBXBuildFile; fileRef = 334FA8242A081E380095E0E9 /* Sequence+sorted.swift */; };
		334FA82A2A0839740095E0E9 /* ArticleScreen.swift in Sources */ = {isa = PBXBuildFile; fileRef = 334FA8292A0839740095E0E9 /* ArticleScreen.swift */; };
		334FA82C2A0845600095E0E9 /* ArticleScreenViewModel.swift in Sources */ = {isa = PBXBuildFile; fileRef = 334FA82B2A0845600095E0E9 /* ArticleScreenViewModel.swift */; };
		334FA82F2A09045F0095E0E9 /* Kingfisher in Frameworks */ = {isa = PBXBuildFile; productRef = 334FA82E2A09045F0095E0E9 /* Kingfisher */; };
		334FA8312A09055E0095E0E9 /* KFImageDataProvider.swift in Sources */ = {isa = PBXBuildFile; fileRef = 334FA8302A09055E0095E0E9 /* KFImageDataProvider.swift */; };
		338D4FD82A102A7D00290CF0 /* MockAPIService.swift in Sources */ = {isa = PBXBuildFile; fileRef = 338D4FD42A1021CF00290CF0 /* MockAPIService.swift */; };
		338D4FD92A102A8000290CF0 /* APIServiceTests.swift in Sources */ = {isa = PBXBuildFile; fileRef = 338D4FD62A10227900290CF0 /* APIServiceTests.swift */; };
		338D4FDC2A104A1700290CF0 /* MockEncryptedStorage.swift in Sources */ = {isa = PBXBuildFile; fileRef = 338D4FDB2A104A1700290CF0 /* MockEncryptedStorage.swift */; };
		338D4FDE2A104A9100290CF0 /* EncryptedStorageTests.swift in Sources */ = {isa = PBXBuildFile; fileRef = 338D4FDD2A104A9100290CF0 /* EncryptedStorageTests.swift */; };
		338D4FE12A10507500290CF0 /* UserServiceTests.swift in Sources */ = {isa = PBXBuildFile; fileRef = 338D4FE02A10507500290CF0 /* UserServiceTests.swift */; };
		338D4FE42A1053C500290CF0 /* NewsServiceTests.swift in Sources */ = {isa = PBXBuildFile; fileRef = 338D4FE32A1053C500290CF0 /* NewsServiceTests.swift */; };
		338D4FE62A10551200290CF0 /* AuthScreenProxy.swift in Sources */ = {isa = PBXBuildFile; fileRef = 338D4FE52A10551200290CF0 /* AuthScreenProxy.swift */; };
		338D4FE92A10552400290CF0 /* AuthScreenTests.swift in Sources */ = {isa = PBXBuildFile; fileRef = 338D4FE82A10552400290CF0 /* AuthScreenTests.swift */; };
		338D4FEC2A10591100290CF0 /* NewsScreenProxy.swift in Sources */ = {isa = PBXBuildFile; fileRef = 338D4FEB2A10591100290CF0 /* NewsScreenProxy.swift */; };
		338D4FEE2A10594500290CF0 /* NewsScreenTests.swift in Sources */ = {isa = PBXBuildFile; fileRef = 338D4FED2A10594500290CF0 /* NewsScreenTests.swift */; };
		33CA72B52A05000B0008060B /* Application.swift in Sources */ = {isa = PBXBuildFile; fileRef = 33CA72B42A05000B0008060B /* Application.swift */; };
		33CA72B92A05000C0008060B /* Images.xcassets in Resources */ = {isa = PBXBuildFile; fileRef = 33CA72B82A05000C0008060B /* Images.xcassets */; };
		33CA72C52A05018F0008060B /* Moya in Frameworks */ = {isa = PBXBuildFile; productRef = 33CA72C42A05018F0008060B /* Moya */; };
		33CA72C82A0501C50008060B /* EverythingAtOnce in Frameworks */ = {isa = PBXBuildFile; productRef = 33CA72C72A0501C50008060B /* EverythingAtOnce */; };
		33CA72CB2A05028F0008060B /* Dependencies in Frameworks */ = {isa = PBXBuildFile; productRef = 33CA72CA2A05028F0008060B /* Dependencies */; };
		33CA72D32A0504190008060B /* LoginRequest.swift in Sources */ = {isa = PBXBuildFile; fileRef = 33CA72D22A0504190008060B /* LoginRequest.swift */; };
		33CA72D52A0504D50008060B /* LoginResponse.swift in Sources */ = {isa = PBXBuildFile; fileRef = 33CA72D42A0504D50008060B /* LoginResponse.swift */; };
		33CA72D72A05054F0008060B /* RegisterResponse.swift in Sources */ = {isa = PBXBuildFile; fileRef = 33CA72D62A05054F0008060B /* RegisterResponse.swift */; };
		33CA72D92A0505AA0008060B /* RegisterRequest.swift in Sources */ = {isa = PBXBuildFile; fileRef = 33CA72D82A0505AA0008060B /* RegisterRequest.swift */; };
		33CA72DB2A05064E0008060B /* RotateRefreshTokenResponse.swift in Sources */ = {isa = PBXBuildFile; fileRef = 33CA72DA2A05064E0008060B /* RotateRefreshTokenResponse.swift */; };
		33CA72DF2A05073C0008060B /* APIServiceProtocol.swift in Sources */ = {isa = PBXBuildFile; fileRef = 33CA72DE2A05073C0008060B /* APIServiceProtocol.swift */; };
		33CA72E12A0508DD0008060B /* APIService.swift in Sources */ = {isa = PBXBuildFile; fileRef = 33CA72E02A0508DD0008060B /* APIService.swift */; };
		33CA72E82A050D7C0008060B /* NewsArticleResponse.swift in Sources */ = {isa = PBXBuildFile; fileRef = 33CA72E72A050D7C0008060B /* NewsArticleResponse.swift */; };
		33CA72EA2A050F6F0008060B /* NewsRequestQueryParamter.swift in Sources */ = {isa = PBXBuildFile; fileRef = 33CA72E92A050F6F0008060B /* NewsRequestQueryParamter.swift */; };
		33CA72ED2A0534750008060B /* Formatters.swift in Sources */ = {isa = PBXBuildFile; fileRef = 33CA72EC2A0534750008060B /* Formatters.swift */; };
		33CA72F32A054EFA0008060B /* UserServiceProtocol.swift in Sources */ = {isa = PBXBuildFile; fileRef = 33CA72F22A054EFA0008060B /* UserServiceProtocol.swift */; };
		33CA72F52A05500B0008060B /* UserService.swift in Sources */ = {isa = PBXBuildFile; fileRef = 33CA72F42A05500B0008060B /* UserService.swift */; };
		33CA72F72A05518D0008060B /* Dependencies+APIService.swift in Sources */ = {isa = PBXBuildFile; fileRef = 33CA72F62A05518D0008060B /* Dependencies+APIService.swift */; };
		33CA72FC2A05928D0008060B /* APIServiceStub.swift in Sources */ = {isa = PBXBuildFile; fileRef = 33CA72FB2A05928D0008060B /* APIServiceStub.swift */; };
		33CA72FE2A059BFE0008060B /* Dependencies+UserService.swift in Sources */ = {isa = PBXBuildFile; fileRef = 33CA72FD2A059BFE0008060B /* Dependencies+UserService.swift */; };
		33CA73012A059D820008060B /* KeychainAccess in Frameworks */ = {isa = PBXBuildFile; productRef = 33CA73002A059D820008060B /* KeychainAccess */; };
		33CA73032A05A46B0008060B /* UserServiceError.swift in Sources */ = {isa = PBXBuildFile; fileRef = 33CA73022A05A46B0008060B /* UserServiceError.swift */; };
		33CA73052A05A47E0008060B /* UserServiceStub.swift in Sources */ = {isa = PBXBuildFile; fileRef = 33CA73042A05A47E0008060B /* UserServiceStub.swift */; };
		33CA730F2A05AACE0008060B /* Font+fonts.swift in Sources */ = {isa = PBXBuildFile; fileRef = 33CA730E2A05AACE0008060B /* Font+fonts.swift */; };
		33CA73112A05AD780008060B /* Button+scaleOnPress.swift in Sources */ = {isa = PBXBuildFile; fileRef = 33CA73102A05AD780008060B /* Button+scaleOnPress.swift */; };
		33CA73132A05ADAA0008060B /* View+roundCorners.swift in Sources */ = {isa = PBXBuildFile; fileRef = 33CA73122A05ADAA0008060B /* View+roundCorners.swift */; };
		33CA73152A05ADD50008060B /* View+disabledAndFaintIf.swift in Sources */ = {isa = PBXBuildFile; fileRef = 33CA73142A05ADD50008060B /* View+disabledAndFaintIf.swift */; };
		33CA73172A05ADE90008060B /* View+frame.swift in Sources */ = {isa = PBXBuildFile; fileRef = 33CA73162A05ADE90008060B /* View+frame.swift */; };
		33CA73192A05ADF80008060B /* View+onFirstAppear.swift in Sources */ = {isa = PBXBuildFile; fileRef = 33CA73182A05ADF80008060B /* View+onFirstAppear.swift */; };
		33CA731B2A05AE120008060B /* CGSize+square.swift in Sources */ = {isa = PBXBuildFile; fileRef = 33CA731A2A05AE120008060B /* CGSize+square.swift */; };
		33CA731D2A05AE810008060B /* View+if.swift in Sources */ = {isa = PBXBuildFile; fileRef = 33CA731C2A05AE810008060B /* View+if.swift */; };
		33CA731F2A05AF900008060B /* Padding.swift in Sources */ = {isa = PBXBuildFile; fileRef = 33CA731E2A05AF900008060B /* Padding.swift */; };
		33CA73212A05B0170008060B /* CornerRadius.swift in Sources */ = {isa = PBXBuildFile; fileRef = 33CA73202A05B0170008060B /* CornerRadius.swift */; };
		33CA73242A05B3190008060B /* Introspect in Frameworks */ = {isa = PBXBuildFile; productRef = 33CA73232A05B3190008060B /* Introspect */; };
		33CA73262A067A9C0008060B /* AuthScreen.swift in Sources */ = {isa = PBXBuildFile; fileRef = 33CA73252A067A9C0008060B /* AuthScreen.swift */; };
		33CA73282A067AE80008060B /* AuthScreenViewModel.swift in Sources */ = {isa = PBXBuildFile; fileRef = 33CA73272A067AE70008060B /* AuthScreenViewModel.swift */; };
		33CA732A2A067B9D0008060B /* AuthScreenMode.swift in Sources */ = {isa = PBXBuildFile; fileRef = 33CA73292A067B9D0008060B /* AuthScreenMode.swift */; };
		33F68BCF2A0A8DC200145E40 /* Roboto-Medium.ttf in Resources */ = {isa = PBXBuildFile; fileRef = 33F68BBF2A0A8DC200145E40 /* Roboto-Medium.ttf */; };
		33F68BD02A0A8DC200145E40 /* Roboto-Light.ttf in Resources */ = {isa = PBXBuildFile; fileRef = 33F68BC02A0A8DC200145E40 /* Roboto-Light.ttf */; };
		33F68BD12A0A8DC200145E40 /* Roboto-Regular.ttf in Resources */ = {isa = PBXBuildFile; fileRef = 33F68BC12A0A8DC200145E40 /* Roboto-Regular.ttf */; };
		33F68BD22A0A8DC200145E40 /* Roboto-MediumItalic.ttf in Resources */ = {isa = PBXBuildFile; fileRef = 33F68BC22A0A8DC200145E40 /* Roboto-MediumItalic.ttf */; };
		33F68BD32A0A8DC200145E40 /* Roboto-BoldCondensed.ttf in Resources */ = {isa = PBXBuildFile; fileRef = 33F68BC32A0A8DC200145E40 /* Roboto-BoldCondensed.ttf */; };
		33F68BD42A0A8DC200145E40 /* Roboto-BoldCondensedItalic.ttf in Resources */ = {isa = PBXBuildFile; fileRef = 33F68BC42A0A8DC200145E40 /* Roboto-BoldCondensedItalic.ttf */; };
		33F68BD52A0A8DC200145E40 /* Roboto-Condensed.ttf in Resources */ = {isa = PBXBuildFile; fileRef = 33F68BC52A0A8DC200145E40 /* Roboto-Condensed.ttf */; };
		33F68BD62A0A8DC200145E40 /* Roboto-ThinItalic.ttf in Resources */ = {isa = PBXBuildFile; fileRef = 33F68BC62A0A8DC200145E40 /* Roboto-ThinItalic.ttf */; };
		33F68BD72A0A8DC200145E40 /* Roboto-BoldItalic.ttf in Resources */ = {isa = PBXBuildFile; fileRef = 33F68BC72A0A8DC200145E40 /* Roboto-BoldItalic.ttf */; };
		33F68BD82A0A8DC200145E40 /* Roboto-LightItalic.ttf in Resources */ = {isa = PBXBuildFile; fileRef = 33F68BC82A0A8DC200145E40 /* Roboto-LightItalic.ttf */; };
		33F68BD92A0A8DC200145E40 /* Roboto-CondensedItalic.ttf in Resources */ = {isa = PBXBuildFile; fileRef = 33F68BC92A0A8DC200145E40 /* Roboto-CondensedItalic.ttf */; };
		33F68BDA2A0A8DC200145E40 /* Roboto-Italic.ttf in Resources */ = {isa = PBXBuildFile; fileRef = 33F68BCA2A0A8DC200145E40 /* Roboto-Italic.ttf */; };
		33F68BDB2A0A8DC200145E40 /* Roboto-BlackItalic.ttf in Resources */ = {isa = PBXBuildFile; fileRef = 33F68BCB2A0A8DC200145E40 /* Roboto-BlackItalic.ttf */; };
		33F68BDC2A0A8DC200145E40 /* Roboto-Bold.ttf in Resources */ = {isa = PBXBuildFile; fileRef = 33F68BCC2A0A8DC200145E40 /* Roboto-Bold.ttf */; };
		33F68BDD2A0A8DC200145E40 /* Roboto-Thin.ttf in Resources */ = {isa = PBXBuildFile; fileRef = 33F68BCD2A0A8DC200145E40 /* Roboto-Thin.ttf */; };
		33F68BDE2A0A8DC200145E40 /* Roboto-Black.ttf in Resources */ = {isa = PBXBuildFile; fileRef = 33F68BCE2A0A8DC200145E40 /* Roboto-Black.ttf */; };
		33F68BE72A0A90B500145E40 /* LogDestinationProtocol.swift in Sources */ = {isa = PBXBuildFile; fileRef = 33F68BE02A0A90B500145E40 /* LogDestinationProtocol.swift */; };
		33F68BE82A0A90B500145E40 /* LogLevel.swift in Sources */ = {isa = PBXBuildFile; fileRef = 33F68BE12A0A90B500145E40 /* LogLevel.swift */; };
		33F68BE92A0A90B500145E40 /* LogFormatElement.swift in Sources */ = {isa = PBXBuildFile; fileRef = 33F68BE22A0A90B500145E40 /* LogFormatElement.swift */; };
		33F68BEA2A0A90B500145E40 /* LoggerProtocol.swift in Sources */ = {isa = PBXBuildFile; fileRef = 33F68BE32A0A90B500145E40 /* LoggerProtocol.swift */; };
		33F68BEB2A0A90B500145E40 /* DefaultLogger.swift in Sources */ = {isa = PBXBuildFile; fileRef = 33F68BE42A0A90B500145E40 /* DefaultLogger.swift */; };
		33F68BEC2A0A90B500145E40 /* LogFormat.swift in Sources */ = {isa = PBXBuildFile; fileRef = 33F68BE52A0A90B500145E40 /* LogFormat.swift */; };
		33F68BED2A0A90B500145E40 /* ConsoleDestination.swift in Sources */ = {isa = PBXBuildFile; fileRef = 33F68BE62A0A90B500145E40 /* ConsoleDestination.swift */; };
		33F68BF12A0AA9E700145E40 /* APIResponse.swift in Sources */ = {isa = PBXBuildFile; fileRef = 33F68BF02A0AA9E700145E40 /* APIResponse.swift */; };
		33F68BF32A0AAD6C00145E40 /* APIError.swift in Sources */ = {isa = PBXBuildFile; fileRef = 33F68BF22A0AAD6C00145E40 /* APIError.swift */; };
		33F68BF52A0AB4A900145E40 /* ActivityView.swift in Sources */ = {isa = PBXBuildFile; fileRef = 33F68BF42A0AB4A900145E40 /* ActivityView.swift */; };
		33F68BF72A0ADC6500145E40 /* Localizable.strings in Resources */ = {isa = PBXBuildFile; fileRef = 33F68BF62A0ADC6500145E40 /* Localizable.strings */; };
		33F68BFA2A0AEC6A00145E40 /* CreateScreen.swift in Sources */ = {isa = PBXBuildFile; fileRef = 33F68BF92A0AEC6A00145E40 /* CreateScreen.swift */; };
		33F68BFC2A0AEC7400145E40 /* CreateScreenViewModel.swift in Sources */ = {isa = PBXBuildFile; fileRef = 33F68BFB2A0AEC7400145E40 /* CreateScreenViewModel.swift */; };
		33F68BFE2A0AED2200145E40 /* CreateField.swift in Sources */ = {isa = PBXBuildFile; fileRef = 33F68BFD2A0AED2200145E40 /* CreateField.swift */; };
		33F68C002A0AEDDB00145E40 /* TextView.swift in Sources */ = {isa = PBXBuildFile; fileRef = 33F68BFF2A0AEDDB00145E40 /* TextView.swift */; };
		33F68C022A0B1D1200145E40 /* CircleButton.swift in Sources */ = {isa = PBXBuildFile; fileRef = 33F68C012A0B1D1200145E40 /* CircleButton.swift */; };
		33F68C042A0B3B6C00145E40 /* CreateArticleRequest.swift in Sources */ = {isa = PBXBuildFile; fileRef = 33F68C032A0B3B6C00145E40 /* CreateArticleRequest.swift */; };
		33F68C072A0B4D6E00145E40 /* AlertToast in Frameworks */ = {isa = PBXBuildFile; productRef = 33F68C062A0B4D6E00145E40 /* AlertToast */; };
		33F68C0B2A0D575C00145E40 /* FlexStackView.swift in Sources */ = {isa = PBXBuildFile; fileRef = 33F68C0A2A0D575C00145E40 /* FlexStackView.swift */; };
		33F68C0D2A0D5E8800145E40 /* Data+Identifiable.swift in Sources */ = {isa = PBXBuildFile; fileRef = 33F68C0C2A0D5E8800145E40 /* Data+Identifiable.swift */; };
/* End PBXBuildFile section */

/* Begin PBXContainerItemProxy section */
		33F68C162A0D7A9C00145E40 /* PBXContainerItemProxy */ = {
			isa = PBXContainerItemProxy;
			containerPortal = 33CA72A92A05000B0008060B /* Project object */;
			proxyType = 1;
			remoteGlobalIDString = 33CA72B02A05000B0008060B;
			remoteInfo = "breaking-news-ios";
		};
		33F68C252A0D7AB500145E40 /* PBXContainerItemProxy */ = {
			isa = PBXContainerItemProxy;
			containerPortal = 33CA72A92A05000B0008060B /* Project object */;
			proxyType = 1;
			remoteGlobalIDString = 33CA72B02A05000B0008060B;
			remoteInfo = "breaking-news-ios";
		};
/* End PBXContainerItemProxy section */

/* Begin PBXFileReference section */
		334FA7EC2A06B2F40095E0E9 /* SegmentedControlView.swift */ = {isa = PBXFileReference; lastKnownFileType = sourcecode.swift; path = SegmentedControlView.swift; sourceTree = "<group>"; };
		334FA7EE2A06BDF80095E0E9 /* AuthField.swift */ = {isa = PBXFileReference; lastKnownFileType = sourcecode.swift; path = AuthField.swift; sourceTree = "<group>"; };
		334FA7F12A0706B70095E0E9 /* NewsScreen.swift */ = {isa = PBXFileReference; lastKnownFileType = sourcecode.swift; path = NewsScreen.swift; sourceTree = "<group>"; };
		334FA7F32A0706BE0095E0E9 /* NewsScreenViewModel.swift */ = {isa = PBXFileReference; lastKnownFileType = sourcecode.swift; path = NewsScreenViewModel.swift; sourceTree = "<group>"; };
		334FA7F62A0706EE0095E0E9 /* EncryptedStorageProtocol.swift */ = {isa = PBXFileReference; lastKnownFileType = sourcecode.swift; path = EncryptedStorageProtocol.swift; sourceTree = "<group>"; };
		334FA7F82A0707230095E0E9 /* EncryptedStorage.swift */ = {isa = PBXFileReference; lastKnownFileType = sourcecode.swift; path = EncryptedStorage.swift; sourceTree = "<group>"; };
		334FA7FA2A07072F0095E0E9 /* EncryptedStorageStub.swift */ = {isa = PBXFileReference; lastKnownFileType = sourcecode.swift; path = EncryptedStorageStub.swift; sourceTree = "<group>"; };
		334FA7FC2A070C750095E0E9 /* Dependencies+EncryptedStorage.swift */ = {isa = PBXFileReference; lastKnownFileType = sourcecode.swift; path = "Dependencies+EncryptedStorage.swift"; sourceTree = "<group>"; };
		334FA7FE2A070FDB0095E0E9 /* EncryptedStorageKey.swift */ = {isa = PBXFileReference; lastKnownFileType = sourcecode.swift; path = EncryptedStorageKey.swift; sourceTree = "<group>"; };
		334FA8022A071AC80095E0E9 /* NewsService.swift */ = {isa = PBXFileReference; lastKnownFileType = sourcecode.swift; path = NewsService.swift; sourceTree = "<group>"; };
		334FA8042A071AD10095E0E9 /* NewsServiceProtocol.swift */ = {isa = PBXFileReference; lastKnownFileType = sourcecode.swift; path = NewsServiceProtocol.swift; sourceTree = "<group>"; };
		334FA8062A071AD90095E0E9 /* NewsServiceStub.swift */ = {isa = PBXFileReference; lastKnownFileType = sourcecode.swift; path = NewsServiceStub.swift; sourceTree = "<group>"; };
		334FA8082A071D330095E0E9 /* Notification+notifications.swift */ = {isa = PBXFileReference; lastKnownFileType = sourcecode.swift; path = "Notification+notifications.swift"; sourceTree = "<group>"; };
		334FA80C2A07D88F0095E0E9 /* KeyPath+Operators.swift */ = {isa = PBXFileReference; lastKnownFileType = sourcecode.swift; path = "KeyPath+Operators.swift"; sourceTree = "<group>"; };
		334FA80E2A07DCF40095E0E9 /* Dependencies+NewsService.swift */ = {isa = PBXFileReference; lastKnownFileType = sourcecode.swift; path = "Dependencies+NewsService.swift"; sourceTree = "<group>"; };
		334FA8102A07E16D0095E0E9 /* NewsArticle.swift */ = {isa = PBXFileReference; lastKnownFileType = sourcecode.swift; path = NewsArticle.swift; sourceTree = "<group>"; };
		334FA8122A07E8D50095E0E9 /* NewsArticle+mocked.swift */ = {isa = PBXFileReference; lastKnownFileType = sourcecode.swift; path = "NewsArticle+mocked.swift"; sourceTree = "<group>"; };
		334FA8142A07E9190095E0E9 /* Lorem.swift */ = {isa = PBXFileReference; lastKnownFileType = sourcecode.swift; path = Lorem.swift; sourceTree = "<group>"; };
		334FA81A2A07F0A10095E0E9 /* Colors.xcassets */ = {isa = PBXFileReference; lastKnownFileType = folder.assetcatalog; path = Colors.xcassets; sourceTree = "<group>"; };
		334FA81C2A07F1030095E0E9 /* Fonts.swift */ = {isa = PBXFileReference; fileEncoding = 4; lastKnownFileType = sourcecode.swift; path = Fonts.swift; sourceTree = "<group>"; };
		334FA81D2A07F1030095E0E9 /* Assets.swift */ = {isa = PBXFileReference; fileEncoding = 4; lastKnownFileType = sourcecode.swift; path = Assets.swift; sourceTree = "<group>"; };
		334FA8202A080DA90095E0E9 /* Picsum.swift */ = {isa = PBXFileReference; lastKnownFileType = sourcecode.swift; path = Picsum.swift; sourceTree = "<group>"; };
		334FA8222A081B570095E0E9 /* DateDifference.swift */ = {isa = PBXFileReference; lastKnownFileType = sourcecode.swift; path = DateDifference.swift; sourceTree = "<group>"; };
		334FA8242A081E380095E0E9 /* Sequence+sorted.swift */ = {isa = PBXFileReference; lastKnownFileType = sourcecode.swift; path = "Sequence+sorted.swift"; sourceTree = "<group>"; };
		334FA8292A0839740095E0E9 /* ArticleScreen.swift */ = {isa = PBXFileReference; lastKnownFileType = sourcecode.swift; path = ArticleScreen.swift; sourceTree = "<group>"; };
		334FA82B2A0845600095E0E9 /* ArticleScreenViewModel.swift */ = {isa = PBXFileReference; lastKnownFileType = sourcecode.swift; path = ArticleScreenViewModel.swift; sourceTree = "<group>"; };
		334FA8302A09055E0095E0E9 /* KFImageDataProvider.swift */ = {isa = PBXFileReference; lastKnownFileType = sourcecode.swift; path = KFImageDataProvider.swift; sourceTree = "<group>"; };
		334FA8322A0A66380095E0E9 /* Info.plist */ = {isa = PBXFileReference; lastKnownFileType = text.plist.xml; name = Info.plist; path = "breaking-news-ios/Info.plist"; sourceTree = SOURCE_ROOT; };
		338D4FD42A1021CF00290CF0 /* MockAPIService.swift */ = {isa = PBXFileReference; lastKnownFileType = sourcecode.swift; path = MockAPIService.swift; sourceTree = "<group>"; };
		338D4FD62A10227900290CF0 /* APIServiceTests.swift */ = {isa = PBXFileReference; lastKnownFileType = sourcecode.swift; path = APIServiceTests.swift; sourceTree = "<group>"; };
		338D4FDB2A104A1700290CF0 /* MockEncryptedStorage.swift */ = {isa = PBXFileReference; lastKnownFileType = sourcecode.swift; path = MockEncryptedStorage.swift; sourceTree = "<group>"; };
		338D4FDD2A104A9100290CF0 /* EncryptedStorageTests.swift */ = {isa = PBXFileReference; lastKnownFileType = sourcecode.swift; path = EncryptedStorageTests.swift; sourceTree = "<group>"; };
		338D4FE02A10507500290CF0 /* UserServiceTests.swift */ = {isa = PBXFileReference; lastKnownFileType = sourcecode.swift; path = UserServiceTests.swift; sourceTree = "<group>"; };
		338D4FE32A1053C500290CF0 /* NewsServiceTests.swift */ = {isa = PBXFileReference; lastKnownFileType = sourcecode.swift; path = NewsServiceTests.swift; sourceTree = "<group>"; };
		338D4FE52A10551200290CF0 /* AuthScreenProxy.swift */ = {isa = PBXFileReference; lastKnownFileType = sourcecode.swift; path = AuthScreenProxy.swift; sourceTree = "<group>"; };
		338D4FE82A10552400290CF0 /* AuthScreenTests.swift */ = {isa = PBXFileReference; lastKnownFileType = sourcecode.swift; path = AuthScreenTests.swift; sourceTree = "<group>"; };
		338D4FEB2A10591100290CF0 /* NewsScreenProxy.swift */ = {isa = PBXFileReference; lastKnownFileType = sourcecode.swift; path = NewsScreenProxy.swift; sourceTree = "<group>"; };
		338D4FED2A10594500290CF0 /* NewsScreenTests.swift */ = {isa = PBXFileReference; lastKnownFileType = sourcecode.swift; path = NewsScreenTests.swift; sourceTree = "<group>"; };
		33CA72B12A05000B0008060B /* breaking-news-ios.app */ = {isa = PBXFileReference; explicitFileType = wrapper.application; includeInIndex = 0; path = "breaking-news-ios.app"; sourceTree = BUILT_PRODUCTS_DIR; };
		33CA72B42A05000B0008060B /* Application.swift */ = {isa = PBXFileReference; lastKnownFileType = sourcecode.swift; path = Application.swift; sourceTree = "<group>"; };
		33CA72B82A05000C0008060B /* Images.xcassets */ = {isa = PBXFileReference; lastKnownFileType = folder.assetcatalog; path = Images.xcassets; sourceTree = "<group>"; };
		33CA72D22A0504190008060B /* LoginRequest.swift */ = {isa = PBXFileReference; lastKnownFileType = sourcecode.swift; path = LoginRequest.swift; sourceTree = "<group>"; };
		33CA72D42A0504D50008060B /* LoginResponse.swift */ = {isa = PBXFileReference; lastKnownFileType = sourcecode.swift; path = LoginResponse.swift; sourceTree = "<group>"; };
		33CA72D62A05054F0008060B /* RegisterResponse.swift */ = {isa = PBXFileReference; lastKnownFileType = sourcecode.swift; path = RegisterResponse.swift; sourceTree = "<group>"; };
		33CA72D82A0505AA0008060B /* RegisterRequest.swift */ = {isa = PBXFileReference; lastKnownFileType = sourcecode.swift; path = RegisterRequest.swift; sourceTree = "<group>"; };
		33CA72DA2A05064E0008060B /* RotateRefreshTokenResponse.swift */ = {isa = PBXFileReference; lastKnownFileType = sourcecode.swift; path = RotateRefreshTokenResponse.swift; sourceTree = "<group>"; };
		33CA72DE2A05073C0008060B /* APIServiceProtocol.swift */ = {isa = PBXFileReference; lastKnownFileType = sourcecode.swift; path = APIServiceProtocol.swift; sourceTree = "<group>"; };
		33CA72E02A0508DD0008060B /* APIService.swift */ = {isa = PBXFileReference; lastKnownFileType = sourcecode.swift; path = APIService.swift; sourceTree = "<group>"; };
		33CA72E72A050D7C0008060B /* NewsArticleResponse.swift */ = {isa = PBXFileReference; lastKnownFileType = sourcecode.swift; path = NewsArticleResponse.swift; sourceTree = "<group>"; };
		33CA72E92A050F6F0008060B /* NewsRequestQueryParamter.swift */ = {isa = PBXFileReference; lastKnownFileType = sourcecode.swift; path = NewsRequestQueryParamter.swift; sourceTree = "<group>"; };
		33CA72EC2A0534750008060B /* Formatters.swift */ = {isa = PBXFileReference; lastKnownFileType = sourcecode.swift; path = Formatters.swift; sourceTree = "<group>"; };
		33CA72F22A054EFA0008060B /* UserServiceProtocol.swift */ = {isa = PBXFileReference; lastKnownFileType = sourcecode.swift; path = UserServiceProtocol.swift; sourceTree = "<group>"; };
		33CA72F42A05500B0008060B /* UserService.swift */ = {isa = PBXFileReference; lastKnownFileType = sourcecode.swift; path = UserService.swift; sourceTree = "<group>"; };
		33CA72F62A05518D0008060B /* Dependencies+APIService.swift */ = {isa = PBXFileReference; lastKnownFileType = sourcecode.swift; path = "Dependencies+APIService.swift"; sourceTree = "<group>"; };
		33CA72FB2A05928D0008060B /* APIServiceStub.swift */ = {isa = PBXFileReference; lastKnownFileType = sourcecode.swift; path = APIServiceStub.swift; sourceTree = "<group>"; };
		33CA72FD2A059BFE0008060B /* Dependencies+UserService.swift */ = {isa = PBXFileReference; lastKnownFileType = sourcecode.swift; path = "Dependencies+UserService.swift"; sourceTree = "<group>"; };
		33CA73022A05A46B0008060B /* UserServiceError.swift */ = {isa = PBXFileReference; lastKnownFileType = sourcecode.swift; path = UserServiceError.swift; sourceTree = "<group>"; };
		33CA73042A05A47E0008060B /* UserServiceStub.swift */ = {isa = PBXFileReference; lastKnownFileType = sourcecode.swift; path = UserServiceStub.swift; sourceTree = "<group>"; };
		33CA730E2A05AACE0008060B /* Font+fonts.swift */ = {isa = PBXFileReference; lastKnownFileType = sourcecode.swift; path = "Font+fonts.swift"; sourceTree = "<group>"; };
		33CA73102A05AD780008060B /* Button+scaleOnPress.swift */ = {isa = PBXFileReference; lastKnownFileType = sourcecode.swift; path = "Button+scaleOnPress.swift"; sourceTree = "<group>"; };
		33CA73122A05ADAA0008060B /* View+roundCorners.swift */ = {isa = PBXFileReference; lastKnownFileType = sourcecode.swift; path = "View+roundCorners.swift"; sourceTree = "<group>"; };
		33CA73142A05ADD50008060B /* View+disabledAndFaintIf.swift */ = {isa = PBXFileReference; lastKnownFileType = sourcecode.swift; path = "View+disabledAndFaintIf.swift"; sourceTree = "<group>"; };
		33CA73162A05ADE90008060B /* View+frame.swift */ = {isa = PBXFileReference; lastKnownFileType = sourcecode.swift; path = "View+frame.swift"; sourceTree = "<group>"; };
		33CA73182A05ADF80008060B /* View+onFirstAppear.swift */ = {isa = PBXFileReference; lastKnownFileType = sourcecode.swift; path = "View+onFirstAppear.swift"; sourceTree = "<group>"; };
		33CA731A2A05AE120008060B /* CGSize+square.swift */ = {isa = PBXFileReference; lastKnownFileType = sourcecode.swift; path = "CGSize+square.swift"; sourceTree = "<group>"; };
		33CA731C2A05AE810008060B /* View+if.swift */ = {isa = PBXFileReference; lastKnownFileType = sourcecode.swift; path = "View+if.swift"; sourceTree = "<group>"; };
		33CA731E2A05AF900008060B /* Padding.swift */ = {isa = PBXFileReference; lastKnownFileType = sourcecode.swift; path = Padding.swift; sourceTree = "<group>"; };
		33CA73202A05B0170008060B /* CornerRadius.swift */ = {isa = PBXFileReference; lastKnownFileType = sourcecode.swift; path = CornerRadius.swift; sourceTree = "<group>"; };
		33CA73252A067A9C0008060B /* AuthScreen.swift */ = {isa = PBXFileReference; lastKnownFileType = sourcecode.swift; path = AuthScreen.swift; sourceTree = "<group>"; };
		33CA73272A067AE70008060B /* AuthScreenViewModel.swift */ = {isa = PBXFileReference; lastKnownFileType = sourcecode.swift; path = AuthScreenViewModel.swift; sourceTree = "<group>"; };
		33CA73292A067B9D0008060B /* AuthScreenMode.swift */ = {isa = PBXFileReference; lastKnownFileType = sourcecode.swift; path = AuthScreenMode.swift; sourceTree = "<group>"; };
		33F68BBF2A0A8DC200145E40 /* Roboto-Medium.ttf */ = {isa = PBXFileReference; lastKnownFileType = file; path = "Roboto-Medium.ttf"; sourceTree = "<group>"; };
		33F68BC02A0A8DC200145E40 /* Roboto-Light.ttf */ = {isa = PBXFileReference; lastKnownFileType = file; path = "Roboto-Light.ttf"; sourceTree = "<group>"; };
		33F68BC12A0A8DC200145E40 /* Roboto-Regular.ttf */ = {isa = PBXFileReference; lastKnownFileType = file; path = "Roboto-Regular.ttf"; sourceTree = "<group>"; };
		33F68BC22A0A8DC200145E40 /* Roboto-MediumItalic.ttf */ = {isa = PBXFileReference; lastKnownFileType = file; path = "Roboto-MediumItalic.ttf"; sourceTree = "<group>"; };
		33F68BC32A0A8DC200145E40 /* Roboto-BoldCondensed.ttf */ = {isa = PBXFileReference; lastKnownFileType = file; path = "Roboto-BoldCondensed.ttf"; sourceTree = "<group>"; };
		33F68BC42A0A8DC200145E40 /* Roboto-BoldCondensedItalic.ttf */ = {isa = PBXFileReference; lastKnownFileType = file; path = "Roboto-BoldCondensedItalic.ttf"; sourceTree = "<group>"; };
		33F68BC52A0A8DC200145E40 /* Roboto-Condensed.ttf */ = {isa = PBXFileReference; lastKnownFileType = file; path = "Roboto-Condensed.ttf"; sourceTree = "<group>"; };
		33F68BC62A0A8DC200145E40 /* Roboto-ThinItalic.ttf */ = {isa = PBXFileReference; lastKnownFileType = file; path = "Roboto-ThinItalic.ttf"; sourceTree = "<group>"; };
		33F68BC72A0A8DC200145E40 /* Roboto-BoldItalic.ttf */ = {isa = PBXFileReference; lastKnownFileType = file; path = "Roboto-BoldItalic.ttf"; sourceTree = "<group>"; };
		33F68BC82A0A8DC200145E40 /* Roboto-LightItalic.ttf */ = {isa = PBXFileReference; lastKnownFileType = file; path = "Roboto-LightItalic.ttf"; sourceTree = "<group>"; };
		33F68BC92A0A8DC200145E40 /* Roboto-CondensedItalic.ttf */ = {isa = PBXFileReference; lastKnownFileType = file; path = "Roboto-CondensedItalic.ttf"; sourceTree = "<group>"; };
		33F68BCA2A0A8DC200145E40 /* Roboto-Italic.ttf */ = {isa = PBXFileReference; lastKnownFileType = file; path = "Roboto-Italic.ttf"; sourceTree = "<group>"; };
		33F68BCB2A0A8DC200145E40 /* Roboto-BlackItalic.ttf */ = {isa = PBXFileReference; lastKnownFileType = file; path = "Roboto-BlackItalic.ttf"; sourceTree = "<group>"; };
		33F68BCC2A0A8DC200145E40 /* Roboto-Bold.ttf */ = {isa = PBXFileReference; lastKnownFileType = file; path = "Roboto-Bold.ttf"; sourceTree = "<group>"; };
		33F68BCD2A0A8DC200145E40 /* Roboto-Thin.ttf */ = {isa = PBXFileReference; lastKnownFileType = file; path = "Roboto-Thin.ttf"; sourceTree = "<group>"; };
		33F68BCE2A0A8DC200145E40 /* Roboto-Black.ttf */ = {isa = PBXFileReference; lastKnownFileType = file; path = "Roboto-Black.ttf"; sourceTree = "<group>"; };
		33F68BE02A0A90B500145E40 /* LogDestinationProtocol.swift */ = {isa = PBXFileReference; fileEncoding = 4; lastKnownFileType = sourcecode.swift; path = LogDestinationProtocol.swift; sourceTree = "<group>"; };
		33F68BE12A0A90B500145E40 /* LogLevel.swift */ = {isa = PBXFileReference; fileEncoding = 4; lastKnownFileType = sourcecode.swift; path = LogLevel.swift; sourceTree = "<group>"; };
		33F68BE22A0A90B500145E40 /* LogFormatElement.swift */ = {isa = PBXFileReference; fileEncoding = 4; lastKnownFileType = sourcecode.swift; path = LogFormatElement.swift; sourceTree = "<group>"; };
		33F68BE32A0A90B500145E40 /* LoggerProtocol.swift */ = {isa = PBXFileReference; fileEncoding = 4; lastKnownFileType = sourcecode.swift; path = LoggerProtocol.swift; sourceTree = "<group>"; };
		33F68BE42A0A90B500145E40 /* DefaultLogger.swift */ = {isa = PBXFileReference; fileEncoding = 4; lastKnownFileType = sourcecode.swift; path = DefaultLogger.swift; sourceTree = "<group>"; };
		33F68BE52A0A90B500145E40 /* LogFormat.swift */ = {isa = PBXFileReference; fileEncoding = 4; lastKnownFileType = sourcecode.swift; path = LogFormat.swift; sourceTree = "<group>"; };
		33F68BE62A0A90B500145E40 /* ConsoleDestination.swift */ = {isa = PBXFileReference; fileEncoding = 4; lastKnownFileType = sourcecode.swift; path = ConsoleDestination.swift; sourceTree = "<group>"; };
		33F68BF02A0AA9E700145E40 /* APIResponse.swift */ = {isa = PBXFileReference; lastKnownFileType = sourcecode.swift; path = APIResponse.swift; sourceTree = "<group>"; };
		33F68BF22A0AAD6C00145E40 /* APIError.swift */ = {isa = PBXFileReference; lastKnownFileType = sourcecode.swift; path = APIError.swift; sourceTree = "<group>"; };
		33F68BF42A0AB4A900145E40 /* ActivityView.swift */ = {isa = PBXFileReference; lastKnownFileType = sourcecode.swift; path = ActivityView.swift; sourceTree = "<group>"; };
		33F68BF62A0ADC6500145E40 /* Localizable.strings */ = {isa = PBXFileReference; lastKnownFileType = text.plist.strings; path = Localizable.strings; sourceTree = "<group>"; };
		33F68BF92A0AEC6A00145E40 /* CreateScreen.swift */ = {isa = PBXFileReference; lastKnownFileType = sourcecode.swift; path = CreateScreen.swift; sourceTree = "<group>"; };
		33F68BFB2A0AEC7400145E40 /* CreateScreenViewModel.swift */ = {isa = PBXFileReference; lastKnownFileType = sourcecode.swift; path = CreateScreenViewModel.swift; sourceTree = "<group>"; };
		33F68BFD2A0AED2200145E40 /* CreateField.swift */ = {isa = PBXFileReference; lastKnownFileType = sourcecode.swift; path = CreateField.swift; sourceTree = "<group>"; };
		33F68BFF2A0AEDDB00145E40 /* TextView.swift */ = {isa = PBXFileReference; lastKnownFileType = sourcecode.swift; path = TextView.swift; sourceTree = "<group>"; };
		33F68C012A0B1D1200145E40 /* CircleButton.swift */ = {isa = PBXFileReference; lastKnownFileType = sourcecode.swift; path = CircleButton.swift; sourceTree = "<group>"; };
		33F68C032A0B3B6C00145E40 /* CreateArticleRequest.swift */ = {isa = PBXFileReference; lastKnownFileType = sourcecode.swift; path = CreateArticleRequest.swift; sourceTree = "<group>"; };
		33F68C0A2A0D575C00145E40 /* FlexStackView.swift */ = {isa = PBXFileReference; lastKnownFileType = sourcecode.swift; path = FlexStackView.swift; sourceTree = "<group>"; };
		33F68C0C2A0D5E8800145E40 /* Data+Identifiable.swift */ = {isa = PBXFileReference; lastKnownFileType = sourcecode.swift; path = "Data+Identifiable.swift"; sourceTree = "<group>"; };
		33F68C122A0D7A9C00145E40 /* breaking-news-ios-unitTests.xctest */ = {isa = PBXFileReference; explicitFileType = wrapper.cfbundle; includeInIndex = 0; path = "breaking-news-ios-unitTests.xctest"; sourceTree = BUILT_PRODUCTS_DIR; };
		33F68C1F2A0D7AB400145E40 /* breaking-news-ios-UITests.xctest */ = {isa = PBXFileReference; explicitFileType = wrapper.cfbundle; includeInIndex = 0; path = "breaking-news-ios-UITests.xctest"; sourceTree = BUILT_PRODUCTS_DIR; };
/* End PBXFileReference section */

/* Begin PBXFrameworksBuildPhase section */
		33CA72AE2A05000B0008060B /* Frameworks */ = {
			isa = PBXFrameworksBuildPhase;
			buildActionMask = 2147483647;
			files = (
				334FA82F2A09045F0095E0E9 /* Kingfisher in Frameworks */,
				33F68C072A0B4D6E00145E40 /* AlertToast in Frameworks */,
				33CA73012A059D820008060B /* KeychainAccess in Frameworks */,
				33CA72CB2A05028F0008060B /* Dependencies in Frameworks */,
				33CA73242A05B3190008060B /* Introspect in Frameworks */,
				33CA72C52A05018F0008060B /* Moya in Frameworks */,
				33CA72C82A0501C50008060B /* EverythingAtOnce in Frameworks */,
			);
			runOnlyForDeploymentPostprocessing = 0;
		};
		33F68C0F2A0D7A9C00145E40 /* Frameworks */ = {
			isa = PBXFrameworksBuildPhase;
			buildActionMask = 2147483647;
			files = (
			);
			runOnlyForDeploymentPostprocessing = 0;
		};
		33F68C1C2A0D7AB400145E40 /* Frameworks */ = {
			isa = PBXFrameworksBuildPhase;
			buildActionMask = 2147483647;
			files = (
			);
			runOnlyForDeploymentPostprocessing = 0;
		};
/* End PBXFrameworksBuildPhase section */

/* Begin PBXGroup section */
		334FA7F02A0706A70095E0E9 /* news */ = {
			isa = PBXGroup;
			children = (
				334FA7F12A0706B70095E0E9 /* NewsScreen.swift */,
				334FA7F32A0706BE0095E0E9 /* NewsScreenViewModel.swift */,
			);
			path = news;
			sourceTree = "<group>";
		};
		334FA7F52A0706DD0095E0E9 /* encryptedStorage */ = {
			isa = PBXGroup;
			children = (
				334FA7FC2A070C750095E0E9 /* Dependencies+EncryptedStorage.swift */,
				334FA7F82A0707230095E0E9 /* EncryptedStorage.swift */,
				334FA7FE2A070FDB0095E0E9 /* EncryptedStorageKey.swift */,
				334FA7F62A0706EE0095E0E9 /* EncryptedStorageProtocol.swift */,
				334FA7FA2A07072F0095E0E9 /* EncryptedStorageStub.swift */,
			);
			path = encryptedStorage;
			sourceTree = "<group>";
		};
		334FA8002A071A6A0095E0E9 /* application */ = {
			isa = PBXGroup;
			children = (
				33CA72B42A05000B0008060B /* Application.swift */,
			);
			path = application;
			sourceTree = "<group>";
		};
		334FA8012A071AB70095E0E9 /* news */ = {
			isa = PBXGroup;
			children = (
				334FA80E2A07DCF40095E0E9 /* Dependencies+NewsService.swift */,
				334FA8022A071AC80095E0E9 /* NewsService.swift */,
				334FA8042A071AD10095E0E9 /* NewsServiceProtocol.swift */,
				334FA8062A071AD90095E0E9 /* NewsServiceStub.swift */,
			);
			path = news;
			sourceTree = "<group>";
		};
		334FA8162A07F05D0095E0E9 /* font */ = {
			isa = PBXGroup;
			children = (
				33F68BBE2A0A8DC200145E40 /* roboto */,
			);
			path = font;
			sourceTree = "<group>";
		};
		334FA8172A07F0660095E0E9 /* generated */ = {
			isa = PBXGroup;
			children = (
				334FA81D2A07F1030095E0E9 /* Assets.swift */,
				334FA81C2A07F1030095E0E9 /* Fonts.swift */,
			);
			path = generated;
			sourceTree = "<group>";
		};
		334FA8282A0839690095E0E9 /* article */ = {
			isa = PBXGroup;
			children = (
				334FA8292A0839740095E0E9 /* ArticleScreen.swift */,
				334FA82B2A0845600095E0E9 /* ArticleScreenViewModel.swift */,
			);
			path = article;
			sourceTree = "<group>";
		};
		338D4FD32A1021BF00290CF0 /* APIService */ = {
			isa = PBXGroup;
			children = (
				338D4FD42A1021CF00290CF0 /* MockAPIService.swift */,
				338D4FD62A10227900290CF0 /* APIServiceTests.swift */,
			);
			path = APIService;
			sourceTree = "<group>";
		};
		338D4FDA2A104A0500290CF0 /* MockEncryptedStorage */ = {
			isa = PBXGroup;
			children = (
				338D4FDB2A104A1700290CF0 /* MockEncryptedStorage.swift */,
				338D4FDD2A104A9100290CF0 /* EncryptedStorageTests.swift */,
			);
			path = MockEncryptedStorage;
			sourceTree = "<group>";
		};
		338D4FDF2A10506D00290CF0 /* UserService */ = {
			isa = PBXGroup;
			children = (
				338D4FE02A10507500290CF0 /* UserServiceTests.swift */,
			);
			path = UserService;
			sourceTree = "<group>";
		};
		338D4FE22A1053BF00290CF0 /* NewsService */ = {
			isa = PBXGroup;
			children = (
				338D4FE32A1053C500290CF0 /* NewsServiceTests.swift */,
			);
			path = NewsService;
			sourceTree = "<group>";
		};
		338D4FE72A10551700290CF0 /* AuthScreen */ = {
			isa = PBXGroup;
			children = (
				338D4FE52A10551200290CF0 /* AuthScreenProxy.swift */,
				338D4FE82A10552400290CF0 /* AuthScreenTests.swift */,
			);
			path = AuthScreen;
			sourceTree = "<group>";
		};
		338D4FEA2A10590300290CF0 /* NewsScreen */ = {
			isa = PBXGroup;
			children = (
				338D4FEB2A10591100290CF0 /* NewsScreenProxy.swift */,
				338D4FED2A10594500290CF0 /* NewsScreenTests.swift */,
			);
			path = NewsScreen;
			sourceTree = "<group>";
		};
		33CA72A82A05000B0008060B = {
			isa = PBXGroup;
			children = (
				33CA72B32A05000B0008060B /* breaking-news-ios */,
				33F68C132A0D7A9C00145E40 /* breaking-news-ios-unitTests */,
				33F68C202A0D7AB500145E40 /* breaking-news-ios-UITests */,
				33CA72B22A05000B0008060B /* Products */,
			);
			sourceTree = "<group>";
		};
		33CA72B22A05000B0008060B /* Products */ = {
			isa = PBXGroup;
			children = (
				33CA72B12A05000B0008060B /* breaking-news-ios.app */,
				33F68C122A0D7A9C00145E40 /* breaking-news-ios-unitTests.xctest */,
				33F68C1F2A0D7AB400145E40 /* breaking-news-ios-UITests.xctest */,
			);
			name = Products;
			sourceTree = "<group>";
		};
		33CA72B32A05000B0008060B /* breaking-news-ios */ = {
			isa = PBXGroup;
			children = (
				334FA8322A0A66380095E0E9 /* Info.plist */,
				334FA8002A071A6A0095E0E9 /* application */,
				33CA72EE2A0546B30008060B /* extension */,
				33CA72EB2A0534680008060B /* helper */,
				33F68BDF2A0A90AB00145E40 /* log */,
				33CA72D02A0503DD0008060B /* model */,
				33CA72C22A0500760008060B /* resources */,
				33CA72CC2A0502DE0008060B /* service */,
				33CA73062A05A6220008060B /* ui */,
			);
			path = "breaking-news-ios";
			sourceTree = "<group>";
		};
		33CA72C22A0500760008060B /* resources */ = {
			isa = PBXGroup;
			children = (
				334FA81A2A07F0A10095E0E9 /* Colors.xcassets */,
				33CA72B82A05000C0008060B /* Images.xcassets */,
				33F68BF62A0ADC6500145E40 /* Localizable.strings */,
				334FA8162A07F05D0095E0E9 /* font */,
				334FA8172A07F0660095E0E9 /* generated */,
			);
			path = resources;
			sourceTree = "<group>";
		};
		33CA72CC2A0502DE0008060B /* service */ = {
			isa = PBXGroup;
			children = (
				33CA72DC2A0507240008060B /* api */,
				334FA7F52A0706DD0095E0E9 /* encryptedStorage */,
				334FA8012A071AB70095E0E9 /* news */,
				33CA72F12A054EB80008060B /* user */,
			);
			path = service;
			sourceTree = "<group>";
		};
		33CA72D02A0503DD0008060B /* model */ = {
			isa = PBXGroup;
			children = (
				334FA8102A07E16D0095E0E9 /* NewsArticle.swift */,
				334FA8122A07E8D50095E0E9 /* NewsArticle+mocked.swift */,
			);
			path = model;
			sourceTree = "<group>";
		};
		33CA72D12A0504000008060B /* model */ = {
			isa = PBXGroup;
			children = (
				33F68BF22A0AAD6C00145E40 /* APIError.swift */,
				33F68BF02A0AA9E700145E40 /* APIResponse.swift */,
				33F68C032A0B3B6C00145E40 /* CreateArticleRequest.swift */,
				33CA72D22A0504190008060B /* LoginRequest.swift */,
				33CA72D42A0504D50008060B /* LoginResponse.swift */,
				33CA72E72A050D7C0008060B /* NewsArticleResponse.swift */,
				33CA72E92A050F6F0008060B /* NewsRequestQueryParamter.swift */,
				33CA72D82A0505AA0008060B /* RegisterRequest.swift */,
				33CA72D62A05054F0008060B /* RegisterResponse.swift */,
				33CA72DA2A05064E0008060B /* RotateRefreshTokenResponse.swift */,
			);
			path = model;
			sourceTree = "<group>";
		};
		33CA72DC2A0507240008060B /* api */ = {
			isa = PBXGroup;
			children = (
				33CA72E02A0508DD0008060B /* APIService.swift */,
				33CA72DE2A05073C0008060B /* APIServiceProtocol.swift */,
				33CA72FB2A05928D0008060B /* APIServiceStub.swift */,
				33CA72F62A05518D0008060B /* Dependencies+APIService.swift */,
				33CA72D12A0504000008060B /* model */,
			);
			path = api;
			sourceTree = "<group>";
		};
		33CA72EB2A0534680008060B /* helper */ = {
			isa = PBXGroup;
			children = (
				33CA73202A05B0170008060B /* CornerRadius.swift */,
				334FA8222A081B570095E0E9 /* DateDifference.swift */,
				33CA72EC2A0534750008060B /* Formatters.swift */,
				334FA8142A07E9190095E0E9 /* Lorem.swift */,
				33CA731E2A05AF900008060B /* Padding.swift */,
				334FA8202A080DA90095E0E9 /* Picsum.swift */,
				334FA8302A09055E0095E0E9 /* KFImageDataProvider.swift */,
			);
			path = helper;
			sourceTree = "<group>";
		};
		33CA72EE2A0546B30008060B /* extension */ = {
			isa = PBXGroup;
			children = (
				33CA73102A05AD780008060B /* Button+scaleOnPress.swift */,
				33CA731A2A05AE120008060B /* CGSize+square.swift */,
				33F68C0C2A0D5E8800145E40 /* Data+Identifiable.swift */,
				33CA730E2A05AACE0008060B /* Font+fonts.swift */,
				334FA80C2A07D88F0095E0E9 /* KeyPath+Operators.swift */,
				334FA8082A071D330095E0E9 /* Notification+notifications.swift */,
				334FA8242A081E380095E0E9 /* Sequence+sorted.swift */,
				33CA73142A05ADD50008060B /* View+disabledAndFaintIf.swift */,
				33CA73162A05ADE90008060B /* View+frame.swift */,
				33CA731C2A05AE810008060B /* View+if.swift */,
				33CA73182A05ADF80008060B /* View+onFirstAppear.swift */,
				33CA73122A05ADAA0008060B /* View+roundCorners.swift */,
			);
			path = extension;
			sourceTree = "<group>";
		};
		33CA72F12A054EB80008060B /* user */ = {
			isa = PBXGroup;
			children = (
				33CA72FD2A059BFE0008060B /* Dependencies+UserService.swift */,
				33CA72F42A05500B0008060B /* UserService.swift */,
				33CA73022A05A46B0008060B /* UserServiceError.swift */,
				33CA72F22A054EFA0008060B /* UserServiceProtocol.swift */,
				33CA73042A05A47E0008060B /* UserServiceStub.swift */,
			);
			path = user;
			sourceTree = "<group>";
		};
		33CA73062A05A6220008060B /* ui */ = {
			isa = PBXGroup;
			children = (
				33CA73082A05A6330008060B /* component */,
				33CA73072A05A62E0008060B /* screen */,
			);
			path = ui;
			sourceTree = "<group>";
		};
		33CA73072A05A62E0008060B /* screen */ = {
			isa = PBXGroup;
			children = (
				334FA8282A0839690095E0E9 /* article */,
				33CA730B2A05A71F0008060B /* auth */,
				33F68BF82A0AEC2800145E40 /* create */,
				334FA7F02A0706A70095E0E9 /* news */,
			);
			path = screen;
			sourceTree = "<group>";
		};
		33CA73082A05A6330008060B /* component */ = {
			isa = PBXGroup;
			children = (
				33F68BF42A0AB4A900145E40 /* ActivityView.swift */,
				33F68C012A0B1D1200145E40 /* CircleButton.swift */,
				334FA7EC2A06B2F40095E0E9 /* SegmentedControlView.swift */,
				33F68BFF2A0AEDDB00145E40 /* TextView.swift */,
				33F68C0A2A0D575C00145E40 /* FlexStackView.swift */,
			);
			path = component;
			sourceTree = "<group>";
		};
		33CA730B2A05A71F0008060B /* auth */ = {
			isa = PBXGroup;
			children = (
				334FA7EE2A06BDF80095E0E9 /* AuthField.swift */,
				33CA73252A067A9C0008060B /* AuthScreen.swift */,
				33CA73292A067B9D0008060B /* AuthScreenMode.swift */,
				33CA73272A067AE70008060B /* AuthScreenViewModel.swift */,
			);
			path = auth;
			sourceTree = "<group>";
		};
		33F68BBE2A0A8DC200145E40 /* roboto */ = {
			isa = PBXGroup;
			children = (
				33F68BBF2A0A8DC200145E40 /* Roboto-Medium.ttf */,
				33F68BC02A0A8DC200145E40 /* Roboto-Light.ttf */,
				33F68BC12A0A8DC200145E40 /* Roboto-Regular.ttf */,
				33F68BC22A0A8DC200145E40 /* Roboto-MediumItalic.ttf */,
				33F68BC32A0A8DC200145E40 /* Roboto-BoldCondensed.ttf */,
				33F68BC42A0A8DC200145E40 /* Roboto-BoldCondensedItalic.ttf */,
				33F68BC52A0A8DC200145E40 /* Roboto-Condensed.ttf */,
				33F68BC62A0A8DC200145E40 /* Roboto-ThinItalic.ttf */,
				33F68BC72A0A8DC200145E40 /* Roboto-BoldItalic.ttf */,
				33F68BC82A0A8DC200145E40 /* Roboto-LightItalic.ttf */,
				33F68BC92A0A8DC200145E40 /* Roboto-CondensedItalic.ttf */,
				33F68BCA2A0A8DC200145E40 /* Roboto-Italic.ttf */,
				33F68BCB2A0A8DC200145E40 /* Roboto-BlackItalic.ttf */,
				33F68BCC2A0A8DC200145E40 /* Roboto-Bold.ttf */,
				33F68BCD2A0A8DC200145E40 /* Roboto-Thin.ttf */,
				33F68BCE2A0A8DC200145E40 /* Roboto-Black.ttf */,
			);
			path = roboto;
			sourceTree = "<group>";
		};
		33F68BDF2A0A90AB00145E40 /* log */ = {
			isa = PBXGroup;
			children = (
				33F68BE62A0A90B500145E40 /* ConsoleDestination.swift */,
				33F68BE42A0A90B500145E40 /* DefaultLogger.swift */,
				33F68BE02A0A90B500145E40 /* LogDestinationProtocol.swift */,
				33F68BE52A0A90B500145E40 /* LogFormat.swift */,
				33F68BE22A0A90B500145E40 /* LogFormatElement.swift */,
				33F68BE32A0A90B500145E40 /* LoggerProtocol.swift */,
				33F68BE12A0A90B500145E40 /* LogLevel.swift */,
			);
			path = log;
			sourceTree = "<group>";
		};
		33F68BF82A0AEC2800145E40 /* create */ = {
			isa = PBXGroup;
			children = (
				33F68BFD2A0AED2200145E40 /* CreateField.swift */,
				33F68BF92A0AEC6A00145E40 /* CreateScreen.swift */,
				33F68BFB2A0AEC7400145E40 /* CreateScreenViewModel.swift */,
			);
			path = create;
			sourceTree = "<group>";
		};
		33F68C132A0D7A9C00145E40 /* breaking-news-ios-unitTests */ = {
			isa = PBXGroup;
			children = (
				338D4FD32A1021BF00290CF0 /* APIService */,
				338D4FDA2A104A0500290CF0 /* MockEncryptedStorage */,
				338D4FE22A1053BF00290CF0 /* NewsService */,
				338D4FDF2A10506D00290CF0 /* UserService */,
			);
			path = "breaking-news-ios-unitTests";
			sourceTree = "<group>";
		};
		33F68C202A0D7AB500145E40 /* breaking-news-ios-UITests */ = {
			isa = PBXGroup;
			children = (
				338D4FE72A10551700290CF0 /* AuthScreen */,
				338D4FEA2A10590300290CF0 /* NewsScreen */,
			);
			path = "breaking-news-ios-UITests";
			sourceTree = "<group>";
		};
/* End PBXGroup section */

/* Begin PBXNativeTarget section */
		33CA72B02A05000B0008060B /* breaking-news-ios */ = {
			isa = PBXNativeTarget;
			buildConfigurationList = 33CA72BF2A05000C0008060B /* Build configuration list for PBXNativeTarget "breaking-news-ios" */;
			buildPhases = (
				33CA72AD2A05000B0008060B /* Sources */,
				33CA72AE2A05000B0008060B /* Frameworks */,
				33CA72AF2A05000B0008060B /* Resources */,
			);
			buildRules = (
			);
			dependencies = (
			);
			name = "breaking-news-ios";
			packageProductDependencies = (
				33CA72C42A05018F0008060B /* Moya */,
				33CA72C72A0501C50008060B /* EverythingAtOnce */,
				33CA72CA2A05028F0008060B /* Dependencies */,
				33CA73002A059D820008060B /* KeychainAccess */,
				33CA73232A05B3190008060B /* Introspect */,
				334FA82E2A09045F0095E0E9 /* Kingfisher */,
				33F68C062A0B4D6E00145E40 /* AlertToast */,
			);
			productName = "breaking-news-ios";
			productReference = 33CA72B12A05000B0008060B /* breaking-news-ios.app */;
			productType = "com.apple.product-type.application";
		};
		33F68C112A0D7A9C00145E40 /* breaking-news-ios-unitTests */ = {
			isa = PBXNativeTarget;
			buildConfigurationList = 33F68C182A0D7A9D00145E40 /* Build configuration list for PBXNativeTarget "breaking-news-ios-unitTests" */;
			buildPhases = (
				33F68C0E2A0D7A9C00145E40 /* Sources */,
				33F68C0F2A0D7A9C00145E40 /* Frameworks */,
				33F68C102A0D7A9C00145E40 /* Resources */,
			);
			buildRules = (
			);
			dependencies = (
				33F68C172A0D7A9C00145E40 /* PBXTargetDependency */,
			);
			name = "breaking-news-ios-unitTests";
			productName = "breaking-news-ios-unitTests";
			productReference = 33F68C122A0D7A9C00145E40 /* breaking-news-ios-unitTests.xctest */;
			productType = "com.apple.product-type.bundle.unit-test";
		};
		33F68C1E2A0D7AB400145E40 /* breaking-news-ios-UITests */ = {
			isa = PBXNativeTarget;
			buildConfigurationList = 33F68C272A0D7AB500145E40 /* Build configuration list for PBXNativeTarget "breaking-news-ios-UITests" */;
			buildPhases = (
				33F68C1B2A0D7AB400145E40 /* Sources */,
				33F68C1C2A0D7AB400145E40 /* Frameworks */,
				33F68C1D2A0D7AB400145E40 /* Resources */,
			);
			buildRules = (
			);
			dependencies = (
				33F68C262A0D7AB500145E40 /* PBXTargetDependency */,
			);
			name = "breaking-news-ios-UITests";
			productName = "breaking-news-ios-UITests";
			productReference = 33F68C1F2A0D7AB400145E40 /* breaking-news-ios-UITests.xctest */;
			productType = "com.apple.product-type.bundle.ui-testing";
		};
/* End PBXNativeTarget section */

/* Begin PBXProject section */
		33CA72A92A05000B0008060B /* Project object */ = {
			isa = PBXProject;
			attributes = {
				BuildIndependentTargetsInParallel = 1;
				LastSwiftUpdateCheck = 1430;
				LastUpgradeCheck = 1430;
				TargetAttributes = {
					33CA72B02A05000B0008060B = {
						CreatedOnToolsVersion = 14.3;
					};
					33F68C112A0D7A9C00145E40 = {
						CreatedOnToolsVersion = 14.3;
						TestTargetID = 33CA72B02A05000B0008060B;
					};
					33F68C1E2A0D7AB400145E40 = {
						CreatedOnToolsVersion = 14.3;
						LastSwiftMigration = 1430;
						TestTargetID = 33CA72B02A05000B0008060B;
					};
				};
			};
			buildConfigurationList = 33CA72AC2A05000B0008060B /* Build configuration list for PBXProject "breaking-news-ios" */;
			compatibilityVersion = "Xcode 14.0";
			developmentRegion = en;
			hasScannedForEncodings = 0;
			knownRegions = (
				en,
				Base,
			);
			mainGroup = 33CA72A82A05000B0008060B;
			packageReferences = (
				33CA72C32A05018F0008060B /* XCRemoteSwiftPackageReference "Moya" */,
				33CA72C62A0501C50008060B /* XCRemoteSwiftPackageReference "everything-at-once" */,
				33CA72C92A05028E0008060B /* XCRemoteSwiftPackageReference "swift-dependencies" */,
				33CA72FF2A059D820008060B /* XCRemoteSwiftPackageReference "KeychainAccess" */,
				33CA73222A05B3190008060B /* XCRemoteSwiftPackageReference "SwiftUI-Introspect" */,
				334FA82D2A09045F0095E0E9 /* XCRemoteSwiftPackageReference "Kingfisher" */,
				33F68C052A0B4D6E00145E40 /* XCRemoteSwiftPackageReference "AlertToast" */,
			);
			productRefGroup = 33CA72B22A05000B0008060B /* Products */;
			projectDirPath = "";
			projectRoot = "";
			targets = (
				33CA72B02A05000B0008060B /* breaking-news-ios */,
				33F68C112A0D7A9C00145E40 /* breaking-news-ios-unitTests */,
				33F68C1E2A0D7AB400145E40 /* breaking-news-ios-UITests */,
			);
		};
/* End PBXProject section */

/* Begin PBXResourcesBuildPhase section */
		33CA72AF2A05000B0008060B /* Resources */ = {
			isa = PBXResourcesBuildPhase;
			buildActionMask = 2147483647;
			files = (
				33F68BD12A0A8DC200145E40 /* Roboto-Regular.ttf in Resources */,
				33F68BCF2A0A8DC200145E40 /* Roboto-Medium.ttf in Resources */,
				33F68BD32A0A8DC200145E40 /* Roboto-BoldCondensed.ttf in Resources */,
				33F68BD62A0A8DC200145E40 /* Roboto-ThinItalic.ttf in Resources */,
				33F68BD82A0A8DC200145E40 /* Roboto-LightItalic.ttf in Resources */,
				33F68BD52A0A8DC200145E40 /* Roboto-Condensed.ttf in Resources */,
				33F68BDC2A0A8DC200145E40 /* Roboto-Bold.ttf in Resources */,
				334FA81B2A07F0A10095E0E9 /* Colors.xcassets in Resources */,
				33F68BDD2A0A8DC200145E40 /* Roboto-Thin.ttf in Resources */,
				33F68BDB2A0A8DC200145E40 /* Roboto-BlackItalic.ttf in Resources */,
				33F68BDA2A0A8DC200145E40 /* Roboto-Italic.ttf in Resources */,
				33F68BD72A0A8DC200145E40 /* Roboto-BoldItalic.ttf in Resources */,
				33F68BD02A0A8DC200145E40 /* Roboto-Light.ttf in Resources */,
				33F68BD92A0A8DC200145E40 /* Roboto-CondensedItalic.ttf in Resources */,
				33F68BDE2A0A8DC200145E40 /* Roboto-Black.ttf in Resources */,
				33F68BD22A0A8DC200145E40 /* Roboto-MediumItalic.ttf in Resources */,
				33F68BF72A0ADC6500145E40 /* Localizable.strings in Resources */,
				33CA72B92A05000C0008060B /* Images.xcassets in Resources */,
				33F68BD42A0A8DC200145E40 /* Roboto-BoldCondensedItalic.ttf in Resources */,
			);
			runOnlyForDeploymentPostprocessing = 0;
		};
		33F68C102A0D7A9C00145E40 /* Resources */ = {
			isa = PBXResourcesBuildPhase;
			buildActionMask = 2147483647;
			files = (
			);
			runOnlyForDeploymentPostprocessing = 0;
		};
		33F68C1D2A0D7AB400145E40 /* Resources */ = {
			isa = PBXResourcesBuildPhase;
			buildActionMask = 2147483647;
			files = (
			);
			runOnlyForDeploymentPostprocessing = 0;
		};
/* End PBXResourcesBuildPhase section */

/* Begin PBXSourcesBuildPhase section */
		33CA72AD2A05000B0008060B /* Sources */ = {
			isa = PBXSourcesBuildPhase;
			buildActionMask = 2147483647;
			files = (
				334FA7F22A0706B70095E0E9 /* NewsScreen.swift in Sources */,
				33CA72F52A05500B0008060B /* UserService.swift in Sources */,
				33CA72F72A05518D0008060B /* Dependencies+APIService.swift in Sources */,
				33F68C022A0B1D1200145E40 /* CircleButton.swift in Sources */,
				334FA8252A081E380095E0E9 /* Sequence+sorted.swift in Sources */,
				33CA72FE2A059BFE0008060B /* Dependencies+UserService.swift in Sources */,
				334FA80D2A07D88F0095E0E9 /* KeyPath+Operators.swift in Sources */,
				334FA8092A071D330095E0E9 /* Notification+notifications.swift in Sources */,
				334FA8052A071AD10095E0E9 /* NewsServiceProtocol.swift in Sources */,
				334FA81E2A07F1030095E0E9 /* Fonts.swift in Sources */,
				33CA72ED2A0534750008060B /* Formatters.swift in Sources */,
				33F68C042A0B3B6C00145E40 /* CreateArticleRequest.swift in Sources */,
				334FA7F72A0706EE0095E0E9 /* EncryptedStorageProtocol.swift in Sources */,
				33CA73152A05ADD50008060B /* View+disabledAndFaintIf.swift in Sources */,
				33CA72DB2A05064E0008060B /* RotateRefreshTokenResponse.swift in Sources */,
				33CA731D2A05AE810008060B /* View+if.swift in Sources */,
				33F68BFA2A0AEC6A00145E40 /* CreateScreen.swift in Sources */,
				33CA731B2A05AE120008060B /* CGSize+square.swift in Sources */,
				33F68C0B2A0D575C00145E40 /* FlexStackView.swift in Sources */,
				33F68BE72A0A90B500145E40 /* LogDestinationProtocol.swift in Sources */,
				334FA8112A07E16D0095E0E9 /* NewsArticle.swift in Sources */,
				33CA72DF2A05073C0008060B /* APIServiceProtocol.swift in Sources */,
				334FA7F92A0707230095E0E9 /* EncryptedStorage.swift in Sources */,
				33CA72E82A050D7C0008060B /* NewsArticleResponse.swift in Sources */,
				33CA731F2A05AF900008060B /* Padding.swift in Sources */,
				33F68BEA2A0A90B500145E40 /* LoggerProtocol.swift in Sources */,
				33CA73282A067AE80008060B /* AuthScreenViewModel.swift in Sources */,
				33CA72D32A0504190008060B /* LoginRequest.swift in Sources */,
				33CA73192A05ADF80008060B /* View+onFirstAppear.swift in Sources */,
				334FA82C2A0845600095E0E9 /* ArticleScreenViewModel.swift in Sources */,
				33CA73172A05ADE90008060B /* View+frame.swift in Sources */,
				33CA72D92A0505AA0008060B /* RegisterRequest.swift in Sources */,
				334FA8072A071AD90095E0E9 /* NewsServiceStub.swift in Sources */,
				33F68C002A0AEDDB00145E40 /* TextView.swift in Sources */,
				33F68BED2A0A90B500145E40 /* ConsoleDestination.swift in Sources */,
				334FA7FD2A070C750095E0E9 /* Dependencies+EncryptedStorage.swift in Sources */,
				334FA8232A081B570095E0E9 /* DateDifference.swift in Sources */,
				33CA72FC2A05928D0008060B /* APIServiceStub.swift in Sources */,
				33F68BF12A0AA9E700145E40 /* APIResponse.swift in Sources */,
				33CA732A2A067B9D0008060B /* AuthScreenMode.swift in Sources */,
				33CA73212A05B0170008060B /* CornerRadius.swift in Sources */,
				33CA73132A05ADAA0008060B /* View+roundCorners.swift in Sources */,
				334FA8032A071AC80095E0E9 /* NewsService.swift in Sources */,
				334FA7FF2A070FDB0095E0E9 /* EncryptedStorageKey.swift in Sources */,
				334FA8152A07E9190095E0E9 /* Lorem.swift in Sources */,
				33F68BEB2A0A90B500145E40 /* DefaultLogger.swift in Sources */,
				33CA72D52A0504D50008060B /* LoginResponse.swift in Sources */,
				33F68BF52A0AB4A900145E40 /* ActivityView.swift in Sources */,
				334FA81F2A07F1030095E0E9 /* Assets.swift in Sources */,
				33CA73112A05AD780008060B /* Button+scaleOnPress.swift in Sources */,
				33F68C0D2A0D5E8800145E40 /* Data+Identifiable.swift in Sources */,
				33F68BFE2A0AED2200145E40 /* CreateField.swift in Sources */,
				334FA80F2A07DCF40095E0E9 /* Dependencies+NewsService.swift in Sources */,
				33F68BFC2A0AEC7400145E40 /* CreateScreenViewModel.swift in Sources */,
				334FA7EF2A06BDF80095E0E9 /* AuthField.swift in Sources */,
				334FA8212A080DA90095E0E9 /* Picsum.swift in Sources */,
				33F68BE82A0A90B500145E40 /* LogLevel.swift in Sources */,
				33F68BE92A0A90B500145E40 /* LogFormatElement.swift in Sources */,
				33CA73032A05A46B0008060B /* UserServiceError.swift in Sources */,
				33CA72D72A05054F0008060B /* RegisterResponse.swift in Sources */,
				33CA730F2A05AACE0008060B /* Font+fonts.swift in Sources */,
				33CA73052A05A47E0008060B /* UserServiceStub.swift in Sources */,
				33CA72EA2A050F6F0008060B /* NewsRequestQueryParamter.swift in Sources */,
				334FA8132A07E8D50095E0E9 /* NewsArticle+mocked.swift in Sources */,
				33F68BEC2A0A90B500145E40 /* LogFormat.swift in Sources */,
				334FA7F42A0706BE0095E0E9 /* NewsScreenViewModel.swift in Sources */,
				33CA72E12A0508DD0008060B /* APIService.swift in Sources */,
				33CA73262A067A9C0008060B /* AuthScreen.swift in Sources */,
				334FA7FB2A07072F0095E0E9 /* EncryptedStorageStub.swift in Sources */,
				334FA7ED2A06B2F40095E0E9 /* SegmentedControlView.swift in Sources */,
				334FA8312A09055E0095E0E9 /* KFImageDataProvider.swift in Sources */,
				33CA72F32A054EFA0008060B /* UserServiceProtocol.swift in Sources */,
				33CA72B52A05000B0008060B /* Application.swift in Sources */,
				334FA82A2A0839740095E0E9 /* ArticleScreen.swift in Sources */,
				33F68BF32A0AAD6C00145E40 /* APIError.swift in Sources */,
			);
			runOnlyForDeploymentPostprocessing = 0;
		};
		33F68C0E2A0D7A9C00145E40 /* Sources */ = {
			isa = PBXSourcesBuildPhase;
			buildActionMask = 2147483647;
			files = (
				338D4FE42A1053C500290CF0 /* NewsServiceTests.swift in Sources */,
				338D4FDE2A104A9100290CF0 /* EncryptedStorageTests.swift in Sources */,
				338D4FDC2A104A1700290CF0 /* MockEncryptedStorage.swift in Sources */,
				338D4FD92A102A8000290CF0 /* APIServiceTests.swift in Sources */,
				338D4FD82A102A7D00290CF0 /* MockAPIService.swift in Sources */,
				338D4FE12A10507500290CF0 /* UserServiceTests.swift in Sources */,
			);
			runOnlyForDeploymentPostprocessing = 0;
		};
		33F68C1B2A0D7AB400145E40 /* Sources */ = {
			isa = PBXSourcesBuildPhase;
			buildActionMask = 2147483647;
			files = (
				338D4FEE2A10594500290CF0 /* NewsScreenTests.swift in Sources */,
				338D4FEC2A10591100290CF0 /* NewsScreenProxy.swift in Sources */,
				338D4FE62A10551200290CF0 /* AuthScreenProxy.swift in Sources */,
				338D4FE92A10552400290CF0 /* AuthScreenTests.swift in Sources */,
			);
			runOnlyForDeploymentPostprocessing = 0;
		};
/* End PBXSourcesBuildPhase section */

/* Begin PBXTargetDependency section */
		33F68C172A0D7A9C00145E40 /* PBXTargetDependency */ = {
			isa = PBXTargetDependency;
			target = 33CA72B02A05000B0008060B /* breaking-news-ios */;
			targetProxy = 33F68C162A0D7A9C00145E40 /* PBXContainerItemProxy */;
		};
		33F68C262A0D7AB500145E40 /* PBXTargetDependency */ = {
			isa = PBXTargetDependency;
			target = 33CA72B02A05000B0008060B /* breaking-news-ios */;
			targetProxy = 33F68C252A0D7AB500145E40 /* PBXContainerItemProxy */;
		};
/* End PBXTargetDependency section */

/* Begin XCBuildConfiguration section */
		33CA72BD2A05000C0008060B /* Debug */ = {
			isa = XCBuildConfiguration;
			buildSettings = {
				ALWAYS_SEARCH_USER_PATHS = NO;
				CLANG_ANALYZER_NONNULL = YES;
				CLANG_ANALYZER_NUMBER_OBJECT_CONVERSION = YES_AGGRESSIVE;
				CLANG_CXX_LANGUAGE_STANDARD = "gnu++20";
				CLANG_ENABLE_MODULES = YES;
				CLANG_ENABLE_OBJC_ARC = YES;
				CLANG_ENABLE_OBJC_WEAK = YES;
				CLANG_WARN_BLOCK_CAPTURE_AUTORELEASING = YES;
				CLANG_WARN_BOOL_CONVERSION = YES;
				CLANG_WARN_COMMA = YES;
				CLANG_WARN_CONSTANT_CONVERSION = YES;
				CLANG_WARN_DEPRECATED_OBJC_IMPLEMENTATIONS = YES;
				CLANG_WARN_DIRECT_OBJC_ISA_USAGE = YES_ERROR;
				CLANG_WARN_DOCUMENTATION_COMMENTS = YES;
				CLANG_WARN_EMPTY_BODY = YES;
				CLANG_WARN_ENUM_CONVERSION = YES;
				CLANG_WARN_INFINITE_RECURSION = YES;
				CLANG_WARN_INT_CONVERSION = YES;
				CLANG_WARN_NON_LITERAL_NULL_CONVERSION = YES;
				CLANG_WARN_OBJC_IMPLICIT_RETAIN_SELF = YES;
				CLANG_WARN_OBJC_LITERAL_CONVERSION = YES;
				CLANG_WARN_OBJC_ROOT_CLASS = YES_ERROR;
				CLANG_WARN_QUOTED_INCLUDE_IN_FRAMEWORK_HEADER = YES;
				CLANG_WARN_RANGE_LOOP_ANALYSIS = YES;
				CLANG_WARN_STRICT_PROTOTYPES = YES;
				CLANG_WARN_SUSPICIOUS_MOVE = YES;
				CLANG_WARN_UNGUARDED_AVAILABILITY = YES_AGGRESSIVE;
				CLANG_WARN_UNREACHABLE_CODE = YES;
				CLANG_WARN__DUPLICATE_METHOD_MATCH = YES;
				COPY_PHASE_STRIP = NO;
				DEBUG_INFORMATION_FORMAT = dwarf;
				ENABLE_STRICT_OBJC_MSGSEND = YES;
				ENABLE_TESTABILITY = YES;
				GCC_C_LANGUAGE_STANDARD = gnu11;
				GCC_DYNAMIC_NO_PIC = NO;
				GCC_NO_COMMON_BLOCKS = YES;
				GCC_OPTIMIZATION_LEVEL = 0;
				GCC_PREPROCESSOR_DEFINITIONS = (
					"DEBUG=1",
					"$(inherited)",
				);
				GCC_WARN_64_TO_32_BIT_CONVERSION = YES;
				GCC_WARN_ABOUT_RETURN_TYPE = YES_ERROR;
				GCC_WARN_UNDECLARED_SELECTOR = YES;
				GCC_WARN_UNINITIALIZED_AUTOS = YES_AGGRESSIVE;
				GCC_WARN_UNUSED_FUNCTION = YES;
				GCC_WARN_UNUSED_VARIABLE = YES;
				IPHONEOS_DEPLOYMENT_TARGET = 16.4;
				MTL_ENABLE_DEBUG_INFO = INCLUDE_SOURCE;
				MTL_FAST_MATH = YES;
				ONLY_ACTIVE_ARCH = YES;
				SDKROOT = iphoneos;
				SWIFT_ACTIVE_COMPILATION_CONDITIONS = DEBUG;
				SWIFT_OPTIMIZATION_LEVEL = "-Onone";
			};
			name = Debug;
		};
		33CA72BE2A05000C0008060B /* Release */ = {
			isa = XCBuildConfiguration;
			buildSettings = {
				ALWAYS_SEARCH_USER_PATHS = NO;
				CLANG_ANALYZER_NONNULL = YES;
				CLANG_ANALYZER_NUMBER_OBJECT_CONVERSION = YES_AGGRESSIVE;
				CLANG_CXX_LANGUAGE_STANDARD = "gnu++20";
				CLANG_ENABLE_MODULES = YES;
				CLANG_ENABLE_OBJC_ARC = YES;
				CLANG_ENABLE_OBJC_WEAK = YES;
				CLANG_WARN_BLOCK_CAPTURE_AUTORELEASING = YES;
				CLANG_WARN_BOOL_CONVERSION = YES;
				CLANG_WARN_COMMA = YES;
				CLANG_WARN_CONSTANT_CONVERSION = YES;
				CLANG_WARN_DEPRECATED_OBJC_IMPLEMENTATIONS = YES;
				CLANG_WARN_DIRECT_OBJC_ISA_USAGE = YES_ERROR;
				CLANG_WARN_DOCUMENTATION_COMMENTS = YES;
				CLANG_WARN_EMPTY_BODY = YES;
				CLANG_WARN_ENUM_CONVERSION = YES;
				CLANG_WARN_INFINITE_RECURSION = YES;
				CLANG_WARN_INT_CONVERSION = YES;
				CLANG_WARN_NON_LITERAL_NULL_CONVERSION = YES;
				CLANG_WARN_OBJC_IMPLICIT_RETAIN_SELF = YES;
				CLANG_WARN_OBJC_LITERAL_CONVERSION = YES;
				CLANG_WARN_OBJC_ROOT_CLASS = YES_ERROR;
				CLANG_WARN_QUOTED_INCLUDE_IN_FRAMEWORK_HEADER = YES;
				CLANG_WARN_RANGE_LOOP_ANALYSIS = YES;
				CLANG_WARN_STRICT_PROTOTYPES = YES;
				CLANG_WARN_SUSPICIOUS_MOVE = YES;
				CLANG_WARN_UNGUARDED_AVAILABILITY = YES_AGGRESSIVE;
				CLANG_WARN_UNREACHABLE_CODE = YES;
				CLANG_WARN__DUPLICATE_METHOD_MATCH = YES;
				COPY_PHASE_STRIP = NO;
				DEBUG_INFORMATION_FORMAT = "dwarf-with-dsym";
				ENABLE_NS_ASSERTIONS = NO;
				ENABLE_STRICT_OBJC_MSGSEND = YES;
				ENABLE_TESTABILITY = NO;
				GCC_C_LANGUAGE_STANDARD = gnu11;
				GCC_NO_COMMON_BLOCKS = YES;
				GCC_WARN_64_TO_32_BIT_CONVERSION = YES;
				GCC_WARN_ABOUT_RETURN_TYPE = YES_ERROR;
				GCC_WARN_UNDECLARED_SELECTOR = YES;
				GCC_WARN_UNINITIALIZED_AUTOS = YES_AGGRESSIVE;
				GCC_WARN_UNUSED_FUNCTION = YES;
				GCC_WARN_UNUSED_VARIABLE = YES;
				IPHONEOS_DEPLOYMENT_TARGET = 16.4;
				MTL_ENABLE_DEBUG_INFO = NO;
				MTL_FAST_MATH = YES;
				SDKROOT = iphoneos;
				SWIFT_COMPILATION_MODE = wholemodule;
				SWIFT_OPTIMIZATION_LEVEL = "-O";
				VALIDATE_PRODUCT = YES;
			};
			name = Release;
		};
		33CA72C02A05000C0008060B /* Debug */ = {
			isa = XCBuildConfiguration;
			buildSettings = {
				ASSETCATALOG_COMPILER_APPICON_NAME = AppIcon;
				ASSETCATALOG_COMPILER_GLOBAL_ACCENT_COLOR_NAME = AccentColor;
				CODE_SIGN_STYLE = Automatic;
				CURRENT_PROJECT_VERSION = 1;
				DEVELOPMENT_TEAM = K3W3K9M953;
				ENABLE_PREVIEWS = YES;
				GENERATE_INFOPLIST_FILE = YES;
				GENERATE_PKGINFO_FILE = YES;
				INFOPLIST_FILE = "breaking-news-ios/Info.plist";
				INFOPLIST_KEY_CFBundleDisplayName = "BreakingNews!";
				INFOPLIST_KEY_LSApplicationCategoryType = "public.app-category.news";
				INFOPLIST_KEY_UIApplicationSceneManifest_Generation = YES;
				INFOPLIST_KEY_UIApplicationSupportsIndirectInputEvents = YES;
				INFOPLIST_KEY_UILaunchScreen_Generation = YES;
				INFOPLIST_KEY_UISupportedInterfaceOrientations = UIInterfaceOrientationPortrait;
				IPHONEOS_DEPLOYMENT_TARGET = 16.0;
				LD_RUNPATH_SEARCH_PATHS = (
					"$(inherited)",
					"@executable_path/Frameworks",
				);
				MARKETING_VERSION = 1.0.0;
				PRODUCT_BUNDLE_IDENTIFIER = "com.whutao.breaking-news-ios";
				PRODUCT_NAME = "$(TARGET_NAME)";
				SUPPORTED_PLATFORMS = "iphoneos iphonesimulator";
				SUPPORTS_MACCATALYST = NO;
				SUPPORTS_MAC_DESIGNED_FOR_IPHONE_IPAD = YES;
				SWIFT_EMIT_LOC_STRINGS = YES;
				SWIFT_VERSION = 5.0;
				TARGETED_DEVICE_FAMILY = 1;
			};
			name = Debug;
		};
		33CA72C12A05000C0008060B /* Release */ = {
			isa = XCBuildConfiguration;
			buildSettings = {
				ASSETCATALOG_COMPILER_APPICON_NAME = AppIcon;
				ASSETCATALOG_COMPILER_GLOBAL_ACCENT_COLOR_NAME = AccentColor;
				CODE_SIGN_STYLE = Automatic;
				CURRENT_PROJECT_VERSION = 1;
				DEVELOPMENT_TEAM = K3W3K9M953;
				ENABLE_PREVIEWS = YES;
				GENERATE_INFOPLIST_FILE = YES;
				GENERATE_PKGINFO_FILE = YES;
				INFOPLIST_FILE = "breaking-news-ios/Info.plist";
				INFOPLIST_KEY_CFBundleDisplayName = "BreakingNews!";
				INFOPLIST_KEY_LSApplicationCategoryType = "public.app-category.news";
				INFOPLIST_KEY_UIApplicationSceneManifest_Generation = YES;
				INFOPLIST_KEY_UIApplicationSupportsIndirectInputEvents = YES;
				INFOPLIST_KEY_UILaunchScreen_Generation = YES;
				INFOPLIST_KEY_UISupportedInterfaceOrientations = UIInterfaceOrientationPortrait;
				IPHONEOS_DEPLOYMENT_TARGET = 16.0;
				LD_RUNPATH_SEARCH_PATHS = (
					"$(inherited)",
					"@executable_path/Frameworks",
				);
				MARKETING_VERSION = 1.0.0;
				PRODUCT_BUNDLE_IDENTIFIER = "com.whutao.breaking-news-ios";
				PRODUCT_NAME = "$(TARGET_NAME)";
				SUPPORTED_PLATFORMS = "iphoneos iphonesimulator";
				SUPPORTS_MACCATALYST = NO;
				SUPPORTS_MAC_DESIGNED_FOR_IPHONE_IPAD = YES;
				SWIFT_EMIT_LOC_STRINGS = YES;
				SWIFT_VERSION = 5.0;
				TARGETED_DEVICE_FAMILY = 1;
			};
			name = Release;
		};
		33F68C192A0D7A9D00145E40 /* Debug */ = {
			isa = XCBuildConfiguration;
			buildSettings = {
				BUNDLE_LOADER = "$(TEST_HOST)";
				CODE_SIGN_STYLE = Automatic;
				CURRENT_PROJECT_VERSION = 1;
				DEVELOPMENT_TEAM = K3W3K9M953;
				GENERATE_INFOPLIST_FILE = YES;
				IPHONEOS_DEPLOYMENT_TARGET = 16.0;
				MARKETING_VERSION = 1.0;
				PRODUCT_BUNDLE_IDENTIFIER = "com.whutao.breaking-news-ios-unitTests";
				PRODUCT_NAME = "$(TARGET_NAME)";
				SWIFT_EMIT_LOC_STRINGS = NO;
				SWIFT_VERSION = 5.0;
				TARGETED_DEVICE_FAMILY = "1,2";
				TEST_HOST = "$(BUILT_PRODUCTS_DIR)/breaking-news-ios.app/$(BUNDLE_EXECUTABLE_FOLDER_PATH)/breaking-news-ios";
			};
			name = Debug;
		};
		33F68C1A2A0D7A9D00145E40 /* Release */ = {
			isa = XCBuildConfiguration;
			buildSettings = {
				BUNDLE_LOADER = "$(TEST_HOST)";
				CODE_SIGN_STYLE = Automatic;
				CURRENT_PROJECT_VERSION = 1;
				DEVELOPMENT_TEAM = K3W3K9M953;
				GENERATE_INFOPLIST_FILE = YES;
				IPHONEOS_DEPLOYMENT_TARGET = 16.0;
				MARKETING_VERSION = 1.0;
				PRODUCT_BUNDLE_IDENTIFIER = "com.whutao.breaking-news-ios-unitTests";
				PRODUCT_NAME = "$(TARGET_NAME)";
				SWIFT_EMIT_LOC_STRINGS = NO;
				SWIFT_VERSION = 5.0;
				TARGETED_DEVICE_FAMILY = "1,2";
				TEST_HOST = "$(BUILT_PRODUCTS_DIR)/breaking-news-ios.app/$(BUNDLE_EXECUTABLE_FOLDER_PATH)/breaking-news-ios";
			};
			name = Release;
		};
		33F68C282A0D7AB500145E40 /* Debug */ = {
			isa = XCBuildConfiguration;
			buildSettings = {
				CLANG_ENABLE_MODULES = YES;
				CODE_SIGN_STYLE = Automatic;
				CURRENT_PROJECT_VERSION = 1;
				DEVELOPMENT_TEAM = K3W3K9M953;
				GENERATE_INFOPLIST_FILE = YES;
				IPHONEOS_DEPLOYMENT_TARGET = 16.0;
				MARKETING_VERSION = 1.0;
				PRODUCT_BUNDLE_IDENTIFIER = "com.whutao.breaking-news-ios-UITests";
				PRODUCT_NAME = "$(TARGET_NAME)";
				SWIFT_EMIT_LOC_STRINGS = NO;
				SWIFT_OPTIMIZATION_LEVEL = "-Onone";
				SWIFT_VERSION = 5.0;
				TARGETED_DEVICE_FAMILY = "1,2";
				TEST_TARGET_NAME = "breaking-news-ios";
			};
			name = Debug;
		};
		33F68C292A0D7AB500145E40 /* Release */ = {
			isa = XCBuildConfiguration;
			buildSettings = {
				CLANG_ENABLE_MODULES = YES;
				CODE_SIGN_STYLE = Automatic;
				CURRENT_PROJECT_VERSION = 1;
				DEVELOPMENT_TEAM = K3W3K9M953;
				GENERATE_INFOPLIST_FILE = YES;
				IPHONEOS_DEPLOYMENT_TARGET = 16.0;
				MARKETING_VERSION = 1.0;
				PRODUCT_BUNDLE_IDENTIFIER = "com.whutao.breaking-news-ios-UITests";
				PRODUCT_NAME = "$(TARGET_NAME)";
				SWIFT_EMIT_LOC_STRINGS = NO;
				SWIFT_VERSION = 5.0;
				TARGETED_DEVICE_FAMILY = "1,2";
				TEST_TARGET_NAME = "breaking-news-ios";
			};
			name = Release;
		};
/* End XCBuildConfiguration section */

/* Begin XCConfigurationList section */
		33CA72AC2A05000B0008060B /* Build configuration list for PBXProject "breaking-news-ios" */ = {
			isa = XCConfigurationList;
			buildConfigurations = (
				33CA72BD2A05000C0008060B /* Debug */,
				33CA72BE2A05000C0008060B /* Release */,
			);
			defaultConfigurationIsVisible = 0;
			defaultConfigurationName = Release;
		};
		33CA72BF2A05000C0008060B /* Build configuration list for PBXNativeTarget "breaking-news-ios" */ = {
			isa = XCConfigurationList;
			buildConfigurations = (
				33CA72C02A05000C0008060B /* Debug */,
				33CA72C12A05000C0008060B /* Release */,
			);
			defaultConfigurationIsVisible = 0;
			defaultConfigurationName = Release;
		};
		33F68C182A0D7A9D00145E40 /* Build configuration list for PBXNativeTarget "breaking-news-ios-unitTests" */ = {
			isa = XCConfigurationList;
			buildConfigurations = (
				33F68C192A0D7A9D00145E40 /* Debug */,
				33F68C1A2A0D7A9D00145E40 /* Release */,
			);
			defaultConfigurationIsVisible = 0;
			defaultConfigurationName = Release;
		};
		33F68C272A0D7AB500145E40 /* Build configuration list for PBXNativeTarget "breaking-news-ios-UITests" */ = {
			isa = XCConfigurationList;
			buildConfigurations = (
				33F68C282A0D7AB500145E40 /* Debug */,
				33F68C292A0D7AB500145E40 /* Release */,
			);
			defaultConfigurationIsVisible = 0;
			defaultConfigurationName = Release;
		};
/* End XCConfigurationList section */

/* Begin XCRemoteSwiftPackageReference section */
		334FA82D2A09045F0095E0E9 /* XCRemoteSwiftPackageReference "Kingfisher" */ = {
			isa = XCRemoteSwiftPackageReference;
			repositoryURL = "https://github.com/onevcat/Kingfisher";
			requirement = {
				kind = upToNextMajorVersion;
				minimumVersion = 7.0.0;
			};
		};
		33CA72C32A05018F0008060B /* XCRemoteSwiftPackageReference "Moya" */ = {
			isa = XCRemoteSwiftPackageReference;
			repositoryURL = "https://github.com/Moya/Moya";
			requirement = {
				kind = upToNextMajorVersion;
				minimumVersion = 15.0.0;
			};
		};
		33CA72C62A0501C50008060B /* XCRemoteSwiftPackageReference "everything-at-once" */ = {
			isa = XCRemoteSwiftPackageReference;
			repositoryURL = "https://github.com/whutao/everything-at-once";
			requirement = {
				kind = upToNextMajorVersion;
				minimumVersion = 1.0.0;
			};
		};
		33CA72C92A05028E0008060B /* XCRemoteSwiftPackageReference "swift-dependencies" */ = {
			isa = XCRemoteSwiftPackageReference;
			repositoryURL = "https://github.com/pointfreeco/swift-dependencies";
			requirement = {
				kind = upToNextMajorVersion;
				minimumVersion = 0.4.2;
			};
		};
		33CA72FF2A059D820008060B /* XCRemoteSwiftPackageReference "KeychainAccess" */ = {
			isa = XCRemoteSwiftPackageReference;
			repositoryURL = "https://github.com/kishikawakatsumi/KeychainAccess";
			requirement = {
				branch = master;
				kind = branch;
			};
		};
		33CA73222A05B3190008060B /* XCRemoteSwiftPackageReference "SwiftUI-Introspect" */ = {
			isa = XCRemoteSwiftPackageReference;
			repositoryURL = "https://github.com/siteline/SwiftUI-Introspect";
			requirement = {
				kind = upToNextMajorVersion;
				minimumVersion = 0.2.3;
			};
		};
		33F68C052A0B4D6E00145E40 /* XCRemoteSwiftPackageReference "AlertToast" */ = {
			isa = XCRemoteSwiftPackageReference;
			repositoryURL = "https://github.com/elai950/AlertToast";
			requirement = {
				kind = upToNextMajorVersion;
				minimumVersion = 1.0.0;
			};
		};
/* End XCRemoteSwiftPackageReference section */

/* Begin XCSwiftPackageProductDependency section */
		334FA82E2A09045F0095E0E9 /* Kingfisher */ = {
			isa = XCSwiftPackageProductDependency;
			package = 334FA82D2A09045F0095E0E9 /* XCRemoteSwiftPackageReference "Kingfisher" */;
			productName = Kingfisher;
		};
		33CA72C42A05018F0008060B /* Moya */ = {
			isa = XCSwiftPackageProductDependency;
			package = 33CA72C32A05018F0008060B /* XCRemoteSwiftPackageReference "Moya" */;
			productName = Moya;
		};
		33CA72C72A0501C50008060B /* EverythingAtOnce */ = {
			isa = XCSwiftPackageProductDependency;
			package = 33CA72C62A0501C50008060B /* XCRemoteSwiftPackageReference "everything-at-once" */;
			productName = EverythingAtOnce;
		};
		33CA72CA2A05028F0008060B /* Dependencies */ = {
			isa = XCSwiftPackageProductDependency;
			package = 33CA72C92A05028E0008060B /* XCRemoteSwiftPackageReference "swift-dependencies" */;
			productName = Dependencies;
		};
		33CA73002A059D820008060B /* KeychainAccess */ = {
			isa = XCSwiftPackageProductDependency;
			package = 33CA72FF2A059D820008060B /* XCRemoteSwiftPackageReference "KeychainAccess" */;
			productName = KeychainAccess;
		};
		33CA73232A05B3190008060B /* Introspect */ = {
			isa = XCSwiftPackageProductDependency;
			package = 33CA73222A05B3190008060B /* XCRemoteSwiftPackageReference "SwiftUI-Introspect" */;
			productName = Introspect;
		};
		33F68C062A0B4D6E00145E40 /* AlertToast */ = {
			isa = XCSwiftPackageProductDependency;
			package = 33F68C052A0B4D6E00145E40 /* XCRemoteSwiftPackageReference "AlertToast" */;
			productName = AlertToast;
		};
/* End XCSwiftPackageProductDependency section */
	};
	rootObject = 33CA72A92A05000B0008060B /* Project object */;
}
